// !$*UTF8*$!
{
	archiveVersion = 1;
	classes = {
	};
	objectVersion = 46;
	objects = {

/* Begin PBXBuildFile section */
		A519BE461ABC78230014E71C /* main.m in Sources */ = {isa = PBXBuildFile; fileRef = A519BE451ABC78230014E71C /* main.m */; };
		A519BE491ABC78230014E71C /* AppDelegate.m in Sources */ = {isa = PBXBuildFile; fileRef = A519BE481ABC78230014E71C /* AppDelegate.m */; };
		A519BE631ABC78230014E71C /* LudoTechTests.m in Sources */ = {isa = PBXBuildFile; fileRef = A519BE621ABC78230014E71C /* LudoTechTests.m */; };
		A519BE721ABC79C50014E71C /* LaunchScreen.xib in Resources */ = {isa = PBXBuildFile; fileRef = A519BE6E1ABC79C50014E71C /* LaunchScreen.xib */; };
		A519BE731ABC79C50014E71C /* Main.storyboard in Resources */ = {isa = PBXBuildFile; fileRef = A519BE701ABC79C50014E71C /* Main.storyboard */; };
		A519BE751ABC79D00014E71C /* Images.xcassets in Resources */ = {isa = PBXBuildFile; fileRef = A519BE741ABC79D00014E71C /* Images.xcassets */; };
		A519BE781ABC79D90014E71C /* LudoTech.xcdatamodeld in Sources */ = {isa = PBXBuildFile; fileRef = A519BE761ABC79D90014E71C /* LudoTech.xcdatamodeld */; };
		A519BEBD1ABC7C280014E71C /* Difficulty+DataModel.m in Sources */ = {isa = PBXBuildFile; fileRef = A519BEA81ABC7C280014E71C /* Difficulty+DataModel.m */; };
		A519BEBE1ABC7C280014E71C /* Difficulty+DataModel.m in Sources */ = {isa = PBXBuildFile; fileRef = A519BEA81ABC7C280014E71C /* Difficulty+DataModel.m */; };
		A519BEBF1ABC7C280014E71C /* Edition+DataModel.m in Sources */ = {isa = PBXBuildFile; fileRef = A519BEAA1ABC7C280014E71C /* Edition+DataModel.m */; };
		A519BEC01ABC7C280014E71C /* Edition+DataModel.m in Sources */ = {isa = PBXBuildFile; fileRef = A519BEAA1ABC7C280014E71C /* Edition+DataModel.m */; };
		A519BEC11ABC7C280014E71C /* Editor+DataModel.m in Sources */ = {isa = PBXBuildFile; fileRef = A519BEAC1ABC7C280014E71C /* Editor+DataModel.m */; };
		A519BEC21ABC7C280014E71C /* Editor+DataModel.m in Sources */ = {isa = PBXBuildFile; fileRef = A519BEAC1ABC7C280014E71C /* Editor+DataModel.m */; };
		A519BEC31ABC7C280014E71C /* Extension+DataModel.m in Sources */ = {isa = PBXBuildFile; fileRef = A519BEAE1ABC7C280014E71C /* Extension+DataModel.m */; };
		A519BEC41ABC7C280014E71C /* Extension+DataModel.m in Sources */ = {isa = PBXBuildFile; fileRef = A519BEAE1ABC7C280014E71C /* Extension+DataModel.m */; };
		A519BEC51ABC7C280014E71C /* Game+DataModel.m in Sources */ = {isa = PBXBuildFile; fileRef = A519BEB01ABC7C280014E71C /* Game+DataModel.m */; };
		A519BEC61ABC7C280014E71C /* Game+DataModel.m in Sources */ = {isa = PBXBuildFile; fileRef = A519BEB01ABC7C280014E71C /* Game+DataModel.m */; };
		A519BEC71ABC7C280014E71C /* GamePlayed+DataModel.m in Sources */ = {isa = PBXBuildFile; fileRef = A519BEB21ABC7C280014E71C /* GamePlayed+DataModel.m */; };
		A519BEC81ABC7C280014E71C /* GamePlayed+DataModel.m in Sources */ = {isa = PBXBuildFile; fileRef = A519BEB21ABC7C280014E71C /* GamePlayed+DataModel.m */; };
		A519BEC91ABC7C280014E71C /* Language+DataModel.m in Sources */ = {isa = PBXBuildFile; fileRef = A519BEB41ABC7C280014E71C /* Language+DataModel.m */; };
		A519BECA1ABC7C280014E71C /* Language+DataModel.m in Sources */ = {isa = PBXBuildFile; fileRef = A519BEB41ABC7C280014E71C /* Language+DataModel.m */; };
		A519BECB1ABC7C280014E71C /* Person+DataModel.m in Sources */ = {isa = PBXBuildFile; fileRef = A519BEB61ABC7C280014E71C /* Person+DataModel.m */; };
		A519BECC1ABC7C280014E71C /* Person+DataModel.m in Sources */ = {isa = PBXBuildFile; fileRef = A519BEB61ABC7C280014E71C /* Person+DataModel.m */; };
		A519BECD1ABC7C280014E71C /* Theme+DataModel.m in Sources */ = {isa = PBXBuildFile; fileRef = A519BEB81ABC7C280014E71C /* Theme+DataModel.m */; };
		A519BECE1ABC7C280014E71C /* Theme+DataModel.m in Sources */ = {isa = PBXBuildFile; fileRef = A519BEB81ABC7C280014E71C /* Theme+DataModel.m */; };
		A519BECF1ABC7C280014E71C /* Type+DataModel.m in Sources */ = {isa = PBXBuildFile; fileRef = A519BEBA1ABC7C280014E71C /* Type+DataModel.m */; };
		A519BED01ABC7C280014E71C /* Type+DataModel.m in Sources */ = {isa = PBXBuildFile; fileRef = A519BEBA1ABC7C280014E71C /* Type+DataModel.m */; };
		A519BED11ABC7C280014E71C /* Variant+DataModel.m in Sources */ = {isa = PBXBuildFile; fileRef = A519BEBC1ABC7C280014E71C /* Variant+DataModel.m */; };
		A519BED21ABC7C280014E71C /* Variant+DataModel.m in Sources */ = {isa = PBXBuildFile; fileRef = A519BEBC1ABC7C280014E71C /* Variant+DataModel.m */; };
		A597AF9E1ACA0ED4007F0AFA /* VariantStaticTableViewController.m in Sources */ = {isa = PBXBuildFile; fileRef = A597AF9D1ACA0ED4007F0AFA /* VariantStaticTableViewController.m */; };
		A597AF9F1ACA0ED4007F0AFA /* VariantStaticTableViewController.m in Sources */ = {isa = PBXBuildFile; fileRef = A597AF9D1ACA0ED4007F0AFA /* VariantStaticTableViewController.m */; };
		A597AFA21ACA0EE1007F0AFA /* EditionStaticTableViewController.m in Sources */ = {isa = PBXBuildFile; fileRef = A597AFA11ACA0EE1007F0AFA /* EditionStaticTableViewController.m */; };
		A597AFA31ACA0EE1007F0AFA /* EditionStaticTableViewController.m in Sources */ = {isa = PBXBuildFile; fileRef = A597AFA11ACA0EE1007F0AFA /* EditionStaticTableViewController.m */; };
		A597AFA61ACA26E9007F0AFA /* GamePlayed.m in Sources */ = {isa = PBXBuildFile; fileRef = A597AFA51ACA26E9007F0AFA /* GamePlayed.m */; };
		A597AFA71ACA26E9007F0AFA /* GamePlayed.m in Sources */ = {isa = PBXBuildFile; fileRef = A597AFA51ACA26E9007F0AFA /* GamePlayed.m */; };
		A597AFAA1ACA26EA007F0AFA /* Edition.m in Sources */ = {isa = PBXBuildFile; fileRef = A597AFA91ACA26EA007F0AFA /* Edition.m */; };
		A597AFAB1ACA26EA007F0AFA /* Edition.m in Sources */ = {isa = PBXBuildFile; fileRef = A597AFA91ACA26EA007F0AFA /* Edition.m */; };
		A597AFAE1ACA26EA007F0AFA /* Game.m in Sources */ = {isa = PBXBuildFile; fileRef = A597AFAD1ACA26EA007F0AFA /* Game.m */; };
		A597AFAF1ACA26EA007F0AFA /* Game.m in Sources */ = {isa = PBXBuildFile; fileRef = A597AFAD1ACA26EA007F0AFA /* Game.m */; };
		A597AFB21ACA26EA007F0AFA /* Difficulty.m in Sources */ = {isa = PBXBuildFile; fileRef = A597AFB11ACA26EA007F0AFA /* Difficulty.m */; };
		A597AFB31ACA26EA007F0AFA /* Difficulty.m in Sources */ = {isa = PBXBuildFile; fileRef = A597AFB11ACA26EA007F0AFA /* Difficulty.m */; };
		A597AFB61ACA26EA007F0AFA /* Editor.m in Sources */ = {isa = PBXBuildFile; fileRef = A597AFB51ACA26EA007F0AFA /* Editor.m */; };
		A597AFB71ACA26EA007F0AFA /* Editor.m in Sources */ = {isa = PBXBuildFile; fileRef = A597AFB51ACA26EA007F0AFA /* Editor.m */; };
		A597AFBA1ACA26EA007F0AFA /* Extension.m in Sources */ = {isa = PBXBuildFile; fileRef = A597AFB91ACA26EA007F0AFA /* Extension.m */; };
		A597AFBB1ACA26EA007F0AFA /* Extension.m in Sources */ = {isa = PBXBuildFile; fileRef = A597AFB91ACA26EA007F0AFA /* Extension.m */; };
		A597AFBE1ACA26EA007F0AFA /* Language.m in Sources */ = {isa = PBXBuildFile; fileRef = A597AFBD1ACA26EA007F0AFA /* Language.m */; };
		A597AFBF1ACA26EA007F0AFA /* Language.m in Sources */ = {isa = PBXBuildFile; fileRef = A597AFBD1ACA26EA007F0AFA /* Language.m */; };
		A597AFC21ACA26EA007F0AFA /* Person.m in Sources */ = {isa = PBXBuildFile; fileRef = A597AFC11ACA26EA007F0AFA /* Person.m */; };
		A597AFC31ACA26EA007F0AFA /* Person.m in Sources */ = {isa = PBXBuildFile; fileRef = A597AFC11ACA26EA007F0AFA /* Person.m */; };
		A597AFC61ACA26EA007F0AFA /* Theme.m in Sources */ = {isa = PBXBuildFile; fileRef = A597AFC51ACA26EA007F0AFA /* Theme.m */; };
		A597AFC71ACA26EA007F0AFA /* Theme.m in Sources */ = {isa = PBXBuildFile; fileRef = A597AFC51ACA26EA007F0AFA /* Theme.m */; };
		A597AFCA1ACA26EA007F0AFA /* Type.m in Sources */ = {isa = PBXBuildFile; fileRef = A597AFC91ACA26EA007F0AFA /* Type.m */; };
		A597AFCB1ACA26EA007F0AFA /* Type.m in Sources */ = {isa = PBXBuildFile; fileRef = A597AFC91ACA26EA007F0AFA /* Type.m */; };
		A597AFCE1ACA26EB007F0AFA /* Variant.m in Sources */ = {isa = PBXBuildFile; fileRef = A597AFCD1ACA26EB007F0AFA /* Variant.m */; };
		A597AFCF1ACA26EB007F0AFA /* Variant.m in Sources */ = {isa = PBXBuildFile; fileRef = A597AFCD1ACA26EB007F0AFA /* Variant.m */; };
		A59F909D1AC050E700AA96E8 /* AuthorTableViewController.m in Sources */ = {isa = PBXBuildFile; fileRef = A59F909C1AC050E700AA96E8 /* AuthorTableViewController.m */; };
		A59F909E1AC050E700AA96E8 /* AuthorTableViewController.m in Sources */ = {isa = PBXBuildFile; fileRef = A59F909C1AC050E700AA96E8 /* AuthorTableViewController.m */; };
		A59F90A11AC0516F00AA96E8 /* AuthorTableViewCell.m in Sources */ = {isa = PBXBuildFile; fileRef = A59F90A01AC0516F00AA96E8 /* AuthorTableViewCell.m */; };
		A59F90A21AC0516F00AA96E8 /* AuthorTableViewCell.m in Sources */ = {isa = PBXBuildFile; fileRef = A59F90A01AC0516F00AA96E8 /* AuthorTableViewCell.m */; };
		A59F90A51AC0518A00AA96E8 /* AddAuthorViewController.m in Sources */ = {isa = PBXBuildFile; fileRef = A59F90A41AC0518A00AA96E8 /* AddAuthorViewController.m */; };
		A59F90A61AC0518A00AA96E8 /* AddAuthorViewController.m in Sources */ = {isa = PBXBuildFile; fileRef = A59F90A41AC0518A00AA96E8 /* AddAuthorViewController.m */; };
		A59F90A91AC0528E00AA96E8 /* AddIllustratorViewController.m in Sources */ = {isa = PBXBuildFile; fileRef = A59F90A81AC0528E00AA96E8 /* AddIllustratorViewController.m */; };
		A59F90AA1AC0528E00AA96E8 /* AddIllustratorViewController.m in Sources */ = {isa = PBXBuildFile; fileRef = A59F90A81AC0528E00AA96E8 /* AddIllustratorViewController.m */; };
		A59F90AD1AC0530500AA96E8 /* IllustratorTableViewController.m in Sources */ = {isa = PBXBuildFile; fileRef = A59F90AC1AC0530500AA96E8 /* IllustratorTableViewController.m */; };
		A59F90AE1AC0530500AA96E8 /* IllustratorTableViewController.m in Sources */ = {isa = PBXBuildFile; fileRef = A59F90AC1AC0530500AA96E8 /* IllustratorTableViewController.m */; };
		A59F90B11AC0535600AA96E8 /* IllustratorTableViewCell.m in Sources */ = {isa = PBXBuildFile; fileRef = A59F90B01AC0535600AA96E8 /* IllustratorTableViewCell.m */; };
		A59F90B21AC0535600AA96E8 /* IllustratorTableViewCell.m in Sources */ = {isa = PBXBuildFile; fileRef = A59F90B01AC0535600AA96E8 /* IllustratorTableViewCell.m */; };
		A5F1461C1ABC7E4C00133B8D /* AddDifficultyViewController.m in Sources */ = {isa = PBXBuildFile; fileRef = A5F145D71ABC7E4C00133B8D /* AddDifficultyViewController.m */; };
		A5F1461D1ABC7E4C00133B8D /* AddDifficultyViewController.m in Sources */ = {isa = PBXBuildFile; fileRef = A5F145D71ABC7E4C00133B8D /* AddDifficultyViewController.m */; };
		A5F1461E1ABC7E4C00133B8D /* DifficultyTableViewController.m in Sources */ = {isa = PBXBuildFile; fileRef = A5F145DA1ABC7E4C00133B8D /* DifficultyTableViewController.m */; };
		A5F1461F1ABC7E4C00133B8D /* DifficultyTableViewController.m in Sources */ = {isa = PBXBuildFile; fileRef = A5F145DA1ABC7E4C00133B8D /* DifficultyTableViewController.m */; };
		A5F146201ABC7E4C00133B8D /* AddEditionViewController.m in Sources */ = {isa = PBXBuildFile; fileRef = A5F145DE1ABC7E4C00133B8D /* AddEditionViewController.m */; };
		A5F146211ABC7E4C00133B8D /* AddEditionViewController.m in Sources */ = {isa = PBXBuildFile; fileRef = A5F145DE1ABC7E4C00133B8D /* AddEditionViewController.m */; };
		A5F146221ABC7E4C00133B8D /* EditionTableViewController.m in Sources */ = {isa = PBXBuildFile; fileRef = A5F145E11ABC7E4C00133B8D /* EditionTableViewController.m */; };
		A5F146231ABC7E4C00133B8D /* EditionTableViewController.m in Sources */ = {isa = PBXBuildFile; fileRef = A5F145E11ABC7E4C00133B8D /* EditionTableViewController.m */; };
		A5F146241ABC7E4C00133B8D /* AddEditorViewController.m in Sources */ = {isa = PBXBuildFile; fileRef = A5F145E51ABC7E4C00133B8D /* AddEditorViewController.m */; };
		A5F146251ABC7E4C00133B8D /* AddEditorViewController.m in Sources */ = {isa = PBXBuildFile; fileRef = A5F145E51ABC7E4C00133B8D /* AddEditorViewController.m */; };
		A5F146261ABC7E4C00133B8D /* EditorTableViewController.m in Sources */ = {isa = PBXBuildFile; fileRef = A5F145E81ABC7E4C00133B8D /* EditorTableViewController.m */; };
		A5F146271ABC7E4C00133B8D /* EditorTableViewController.m in Sources */ = {isa = PBXBuildFile; fileRef = A5F145E81ABC7E4C00133B8D /* EditorTableViewController.m */; };
		A5F146281ABC7E4C00133B8D /* AddExtensionViewController.m in Sources */ = {isa = PBXBuildFile; fileRef = A5F145EC1ABC7E4C00133B8D /* AddExtensionViewController.m */; };
		A5F146291ABC7E4C00133B8D /* AddExtensionViewController.m in Sources */ = {isa = PBXBuildFile; fileRef = A5F145EC1ABC7E4C00133B8D /* AddExtensionViewController.m */; };
		A5F1462A1ABC7E4C00133B8D /* ExtensionTableViewController.m in Sources */ = {isa = PBXBuildFile; fileRef = A5F145EF1ABC7E4C00133B8D /* ExtensionTableViewController.m */; };
		A5F1462B1ABC7E4C00133B8D /* ExtensionTableViewController.m in Sources */ = {isa = PBXBuildFile; fileRef = A5F145EF1ABC7E4C00133B8D /* ExtensionTableViewController.m */; };
		A5F1462C1ABC7E4C00133B8D /* AddGameViewController.m in Sources */ = {isa = PBXBuildFile; fileRef = A5F145F31ABC7E4C00133B8D /* AddGameViewController.m */; };
		A5F1462D1ABC7E4C00133B8D /* AddGameViewController.m in Sources */ = {isa = PBXBuildFile; fileRef = A5F145F31ABC7E4C00133B8D /* AddGameViewController.m */; };
		A5F1462E1ABC7E4C00133B8D /* GameTableViewCell.m in Sources */ = {isa = PBXBuildFile; fileRef = A5F145F61ABC7E4C00133B8D /* GameTableViewCell.m */; };
		A5F1462F1ABC7E4C00133B8D /* GameTableViewCell.m in Sources */ = {isa = PBXBuildFile; fileRef = A5F145F61ABC7E4C00133B8D /* GameTableViewCell.m */; };
		A5F146301ABC7E4C00133B8D /* GameTableViewController.m in Sources */ = {isa = PBXBuildFile; fileRef = A5F145F81ABC7E4C00133B8D /* GameTableViewController.m */; };
		A5F146311ABC7E4C00133B8D /* GameTableViewController.m in Sources */ = {isa = PBXBuildFile; fileRef = A5F145F81ABC7E4C00133B8D /* GameTableViewController.m */; };
		A5F146321ABC7E4C00133B8D /* AddGamePlayedViewController.m in Sources */ = {isa = PBXBuildFile; fileRef = A5F145FC1ABC7E4C00133B8D /* AddGamePlayedViewController.m */; };
		A5F146331ABC7E4C00133B8D /* AddGamePlayedViewController.m in Sources */ = {isa = PBXBuildFile; fileRef = A5F145FC1ABC7E4C00133B8D /* AddGamePlayedViewController.m */; };
		A5F146341ABC7E4C00133B8D /* GamePlayedTableViewController.m in Sources */ = {isa = PBXBuildFile; fileRef = A5F145FF1ABC7E4C00133B8D /* GamePlayedTableViewController.m */; };
		A5F146351ABC7E4C00133B8D /* GamePlayedTableViewController.m in Sources */ = {isa = PBXBuildFile; fileRef = A5F145FF1ABC7E4C00133B8D /* GamePlayedTableViewController.m */; };
		A5F146361ABC7E4C00133B8D /* AddLanguageViewController.m in Sources */ = {isa = PBXBuildFile; fileRef = A5F146031ABC7E4C00133B8D /* AddLanguageViewController.m */; };
		A5F146371ABC7E4C00133B8D /* AddLanguageViewController.m in Sources */ = {isa = PBXBuildFile; fileRef = A5F146031ABC7E4C00133B8D /* AddLanguageViewController.m */; };
		A5F146381ABC7E4C00133B8D /* LanguageTableViewController.m in Sources */ = {isa = PBXBuildFile; fileRef = A5F146061ABC7E4C00133B8D /* LanguageTableViewController.m */; };
		A5F146391ABC7E4C00133B8D /* LanguageTableViewController.m in Sources */ = {isa = PBXBuildFile; fileRef = A5F146061ABC7E4C00133B8D /* LanguageTableViewController.m */; };
		A5F1463A1ABC7E4C00133B8D /* AddThemeViewController.m in Sources */ = {isa = PBXBuildFile; fileRef = A5F1460A1ABC7E4C00133B8D /* AddThemeViewController.m */; };
		A5F1463B1ABC7E4C00133B8D /* AddThemeViewController.m in Sources */ = {isa = PBXBuildFile; fileRef = A5F1460A1ABC7E4C00133B8D /* AddThemeViewController.m */; };
		A5F1463C1ABC7E4C00133B8D /* ThemeTableViewController.m in Sources */ = {isa = PBXBuildFile; fileRef = A5F1460D1ABC7E4C00133B8D /* ThemeTableViewController.m */; };
		A5F1463D1ABC7E4C00133B8D /* ThemeTableViewController.m in Sources */ = {isa = PBXBuildFile; fileRef = A5F1460D1ABC7E4C00133B8D /* ThemeTableViewController.m */; };
		A5F1463E1ABC7E4C00133B8D /* AddTypeViewController.m in Sources */ = {isa = PBXBuildFile; fileRef = A5F146111ABC7E4C00133B8D /* AddTypeViewController.m */; };
		A5F1463F1ABC7E4C00133B8D /* AddTypeViewController.m in Sources */ = {isa = PBXBuildFile; fileRef = A5F146111ABC7E4C00133B8D /* AddTypeViewController.m */; };
		A5F146401ABC7E4C00133B8D /* TypeTableViewController.m in Sources */ = {isa = PBXBuildFile; fileRef = A5F146141ABC7E4C00133B8D /* TypeTableViewController.m */; };
		A5F146411ABC7E4C00133B8D /* TypeTableViewController.m in Sources */ = {isa = PBXBuildFile; fileRef = A5F146141ABC7E4C00133B8D /* TypeTableViewController.m */; };
		A5F146421ABC7E4C00133B8D /* AddVariantViewController.m in Sources */ = {isa = PBXBuildFile; fileRef = A5F146181ABC7E4C00133B8D /* AddVariantViewController.m */; };
		A5F146431ABC7E4C00133B8D /* AddVariantViewController.m in Sources */ = {isa = PBXBuildFile; fileRef = A5F146181ABC7E4C00133B8D /* AddVariantViewController.m */; };
		A5F146441ABC7E4C00133B8D /* VariantTableViewController.m in Sources */ = {isa = PBXBuildFile; fileRef = A5F1461B1ABC7E4C00133B8D /* VariantTableViewController.m */; };
		A5F146451ABC7E4C00133B8D /* VariantTableViewController.m in Sources */ = {isa = PBXBuildFile; fileRef = A5F1461B1ABC7E4C00133B8D /* VariantTableViewController.m */; };
		AD72DB2D1ABEFF7E00449A49 /* DifficultyTableViewCell.m in Sources */ = {isa = PBXBuildFile; fileRef = AD72DB2C1ABEFF7E00449A49 /* DifficultyTableViewCell.m */; };
		AD72DB2E1ABEFF7E00449A49 /* DifficultyTableViewCell.m in Sources */ = {isa = PBXBuildFile; fileRef = AD72DB2C1ABEFF7E00449A49 /* DifficultyTableViewCell.m */; };
		AD72DB311ABF03BF00449A49 /* EditorTableViewCell.m in Sources */ = {isa = PBXBuildFile; fileRef = AD72DB301ABF03BF00449A49 /* EditorTableViewCell.m */; };
		AD72DB321ABF03BF00449A49 /* EditorTableViewCell.m in Sources */ = {isa = PBXBuildFile; fileRef = AD72DB301ABF03BF00449A49 /* EditorTableViewCell.m */; };
		AD72DB351ABF052D00449A49 /* LanguageTableViewCell.m in Sources */ = {isa = PBXBuildFile; fileRef = AD72DB341ABF052D00449A49 /* LanguageTableViewCell.m */; };
		AD72DB361ABF052D00449A49 /* LanguageTableViewCell.m in Sources */ = {isa = PBXBuildFile; fileRef = AD72DB341ABF052D00449A49 /* LanguageTableViewCell.m */; };
		AD72DB391ABF07D500449A49 /* ThemeTableViewCell.m in Sources */ = {isa = PBXBuildFile; fileRef = AD72DB381ABF07D500449A49 /* ThemeTableViewCell.m */; };
		AD72DB3A1ABF07D500449A49 /* ThemeTableViewCell.m in Sources */ = {isa = PBXBuildFile; fileRef = AD72DB381ABF07D500449A49 /* ThemeTableViewCell.m */; };
		ADA59FA01AC2AA7200F050D1 /* VariantTableViewCell.m in Sources */ = {isa = PBXBuildFile; fileRef = ADA59F9F1AC2AA7200F050D1 /* VariantTableViewCell.m */; };
		ADBED37D1AC95BFA00C409D2 /* EditionTableViewCell.m in Sources */ = {isa = PBXBuildFile; fileRef = ADBED37C1AC95BFA00C409D2 /* EditionTableViewCell.m */; };
		ADBED37E1AC95BFA00C409D2 /* EditionTableViewCell.m in Sources */ = {isa = PBXBuildFile; fileRef = ADBED37C1AC95BFA00C409D2 /* EditionTableViewCell.m */; };
		ADBED3811AC98FED00C409D2 /* ExtensionTableViewCell.m in Sources */ = {isa = PBXBuildFile; fileRef = ADBED3801AC98FED00C409D2 /* ExtensionTableViewCell.m */; };
		ADBED3821AC98FED00C409D2 /* ExtensionTableViewCell.m in Sources */ = {isa = PBXBuildFile; fileRef = ADBED3801AC98FED00C409D2 /* ExtensionTableViewCell.m */; };
		ADBED3851AC99CDC00C409D2 /* GamePlayedTableViewCell.m in Sources */ = {isa = PBXBuildFile; fileRef = ADBED3841AC99CDC00C409D2 /* GamePlayedTableViewCell.m */; };
		ADBED3861AC99CDC00C409D2 /* GamePlayedTableViewCell.m in Sources */ = {isa = PBXBuildFile; fileRef = ADBED3841AC99CDC00C409D2 /* GamePlayedTableViewCell.m */; };
		ADCA097D1ABC819100C46720 /* TypeTableViewCell.m in Sources */ = {isa = PBXBuildFile; fileRef = ADCA097C1ABC819100C46720 /* TypeTableViewCell.m */; };
		ADCA097E1ABC819100C46720 /* TypeTableViewCell.m in Sources */ = {isa = PBXBuildFile; fileRef = ADCA097C1ABC819100C46720 /* TypeTableViewCell.m */; };
/* End PBXBuildFile section */

/* Begin PBXContainerItemProxy section */
		A519BE5D1ABC78230014E71C /* PBXContainerItemProxy */ = {
			isa = PBXContainerItemProxy;
			containerPortal = A519BE381ABC78230014E71C /* Project object */;
			proxyType = 1;
			remoteGlobalIDString = A519BE3F1ABC78230014E71C;
			remoteInfo = LudoTech;
		};
/* End PBXContainerItemProxy section */

/* Begin PBXFileReference section */
		A519BE401ABC78230014E71C /* LudoTech.app */ = {isa = PBXFileReference; explicitFileType = wrapper.application; includeInIndex = 0; path = LudoTech.app; sourceTree = BUILT_PRODUCTS_DIR; };
		A519BE441ABC78230014E71C /* Info.plist */ = {isa = PBXFileReference; lastKnownFileType = text.plist.xml; path = Info.plist; sourceTree = "<group>"; };
		A519BE451ABC78230014E71C /* main.m */ = {isa = PBXFileReference; lastKnownFileType = sourcecode.c.objc; path = main.m; sourceTree = "<group>"; };
		A519BE471ABC78230014E71C /* AppDelegate.h */ = {isa = PBXFileReference; lastKnownFileType = sourcecode.c.h; path = AppDelegate.h; sourceTree = "<group>"; };
		A519BE481ABC78230014E71C /* AppDelegate.m */ = {isa = PBXFileReference; lastKnownFileType = sourcecode.c.objc; path = AppDelegate.m; sourceTree = "<group>"; };
		A519BE5C1ABC78230014E71C /* LudoTechTests.xctest */ = {isa = PBXFileReference; explicitFileType = wrapper.cfbundle; includeInIndex = 0; path = LudoTechTests.xctest; sourceTree = BUILT_PRODUCTS_DIR; };
		A519BE611ABC78230014E71C /* Info.plist */ = {isa = PBXFileReference; lastKnownFileType = text.plist.xml; path = Info.plist; sourceTree = "<group>"; };
		A519BE621ABC78230014E71C /* LudoTechTests.m */ = {isa = PBXFileReference; lastKnownFileType = sourcecode.c.objc; path = LudoTechTests.m; sourceTree = "<group>"; };
		A519BE6F1ABC79C50014E71C /* Base */ = {isa = PBXFileReference; lastKnownFileType = file.xib; name = Base; path = Base.lproj/LaunchScreen.xib; sourceTree = "<group>"; };
		A519BE711ABC79C50014E71C /* Base */ = {isa = PBXFileReference; lastKnownFileType = file.storyboard; name = Base; path = Base.lproj/Main.storyboard; sourceTree = "<group>"; };
		A519BE741ABC79D00014E71C /* Images.xcassets */ = {isa = PBXFileReference; lastKnownFileType = folder.assetcatalog; path = Images.xcassets; sourceTree = "<group>"; };
		A519BE771ABC79D90014E71C /* Model.xcdatamodel */ = {isa = PBXFileReference; lastKnownFileType = wrapper.xcdatamodel; path = Model.xcdatamodel; sourceTree = "<group>"; };
		A519BEA71ABC7C280014E71C /* Difficulty+DataModel.h */ = {isa = PBXFileReference; fileEncoding = 4; lastKnownFileType = sourcecode.c.h; path = "Difficulty+DataModel.h"; sourceTree = "<group>"; };
		A519BEA81ABC7C280014E71C /* Difficulty+DataModel.m */ = {isa = PBXFileReference; fileEncoding = 4; lastKnownFileType = sourcecode.c.objc; path = "Difficulty+DataModel.m"; sourceTree = "<group>"; };
		A519BEA91ABC7C280014E71C /* Edition+DataModel.h */ = {isa = PBXFileReference; fileEncoding = 4; lastKnownFileType = sourcecode.c.h; path = "Edition+DataModel.h"; sourceTree = "<group>"; };
		A519BEAA1ABC7C280014E71C /* Edition+DataModel.m */ = {isa = PBXFileReference; fileEncoding = 4; lastKnownFileType = sourcecode.c.objc; path = "Edition+DataModel.m"; sourceTree = "<group>"; };
		A519BEAB1ABC7C280014E71C /* Editor+DataModel.h */ = {isa = PBXFileReference; fileEncoding = 4; lastKnownFileType = sourcecode.c.h; path = "Editor+DataModel.h"; sourceTree = "<group>"; };
		A519BEAC1ABC7C280014E71C /* Editor+DataModel.m */ = {isa = PBXFileReference; fileEncoding = 4; lastKnownFileType = sourcecode.c.objc; path = "Editor+DataModel.m"; sourceTree = "<group>"; };
		A519BEAD1ABC7C280014E71C /* Extension+DataModel.h */ = {isa = PBXFileReference; fileEncoding = 4; lastKnownFileType = sourcecode.c.h; path = "Extension+DataModel.h"; sourceTree = "<group>"; };
		A519BEAE1ABC7C280014E71C /* Extension+DataModel.m */ = {isa = PBXFileReference; fileEncoding = 4; lastKnownFileType = sourcecode.c.objc; path = "Extension+DataModel.m"; sourceTree = "<group>"; };
		A519BEAF1ABC7C280014E71C /* Game+DataModel.h */ = {isa = PBXFileReference; fileEncoding = 4; lastKnownFileType = sourcecode.c.h; path = "Game+DataModel.h"; sourceTree = "<group>"; };
		A519BEB01ABC7C280014E71C /* Game+DataModel.m */ = {isa = PBXFileReference; fileEncoding = 4; lastKnownFileType = sourcecode.c.objc; path = "Game+DataModel.m"; sourceTree = "<group>"; };
		A519BEB11ABC7C280014E71C /* GamePlayed+DataModel.h */ = {isa = PBXFileReference; fileEncoding = 4; lastKnownFileType = sourcecode.c.h; path = "GamePlayed+DataModel.h"; sourceTree = "<group>"; };
		A519BEB21ABC7C280014E71C /* GamePlayed+DataModel.m */ = {isa = PBXFileReference; fileEncoding = 4; lastKnownFileType = sourcecode.c.objc; path = "GamePlayed+DataModel.m"; sourceTree = "<group>"; };
		A519BEB31ABC7C280014E71C /* Language+DataModel.h */ = {isa = PBXFileReference; fileEncoding = 4; lastKnownFileType = sourcecode.c.h; path = "Language+DataModel.h"; sourceTree = "<group>"; };
		A519BEB41ABC7C280014E71C /* Language+DataModel.m */ = {isa = PBXFileReference; fileEncoding = 4; lastKnownFileType = sourcecode.c.objc; path = "Language+DataModel.m"; sourceTree = "<group>"; };
		A519BEB51ABC7C280014E71C /* Person+DataModel.h */ = {isa = PBXFileReference; fileEncoding = 4; lastKnownFileType = sourcecode.c.h; path = "Person+DataModel.h"; sourceTree = "<group>"; };
		A519BEB61ABC7C280014E71C /* Person+DataModel.m */ = {isa = PBXFileReference; fileEncoding = 4; lastKnownFileType = sourcecode.c.objc; path = "Person+DataModel.m"; sourceTree = "<group>"; };
		A519BEB71ABC7C280014E71C /* Theme+DataModel.h */ = {isa = PBXFileReference; fileEncoding = 4; lastKnownFileType = sourcecode.c.h; path = "Theme+DataModel.h"; sourceTree = "<group>"; };
		A519BEB81ABC7C280014E71C /* Theme+DataModel.m */ = {isa = PBXFileReference; fileEncoding = 4; lastKnownFileType = sourcecode.c.objc; path = "Theme+DataModel.m"; sourceTree = "<group>"; };
		A519BEB91ABC7C280014E71C /* Type+DataModel.h */ = {isa = PBXFileReference; fileEncoding = 4; lastKnownFileType = sourcecode.c.h; path = "Type+DataModel.h"; sourceTree = "<group>"; };
		A519BEBA1ABC7C280014E71C /* Type+DataModel.m */ = {isa = PBXFileReference; fileEncoding = 4; lastKnownFileType = sourcecode.c.objc; path = "Type+DataModel.m"; sourceTree = "<group>"; };
		A519BEBB1ABC7C280014E71C /* Variant+DataModel.h */ = {isa = PBXFileReference; fileEncoding = 4; lastKnownFileType = sourcecode.c.h; path = "Variant+DataModel.h"; sourceTree = "<group>"; };
		A519BEBC1ABC7C280014E71C /* Variant+DataModel.m */ = {isa = PBXFileReference; fileEncoding = 4; lastKnownFileType = sourcecode.c.objc; path = "Variant+DataModel.m"; sourceTree = "<group>"; };
		A597AF9C1ACA0ED4007F0AFA /* VariantStaticTableViewController.h */ = {isa = PBXFileReference; fileEncoding = 4; lastKnownFileType = sourcecode.c.h; name = VariantStaticTableViewController.h; path = Static/VariantStaticTableViewController.h; sourceTree = "<group>"; };
		A597AF9D1ACA0ED4007F0AFA /* VariantStaticTableViewController.m */ = {isa = PBXFileReference; fileEncoding = 4; lastKnownFileType = sourcecode.c.objc; name = VariantStaticTableViewController.m; path = Static/VariantStaticTableViewController.m; sourceTree = "<group>"; };
		A597AFA01ACA0EE1007F0AFA /* EditionStaticTableViewController.h */ = {isa = PBXFileReference; fileEncoding = 4; lastKnownFileType = sourcecode.c.h; name = EditionStaticTableViewController.h; path = Static/EditionStaticTableViewController.h; sourceTree = "<group>"; };
		A597AFA11ACA0EE1007F0AFA /* EditionStaticTableViewController.m */ = {isa = PBXFileReference; fileEncoding = 4; lastKnownFileType = sourcecode.c.objc; name = EditionStaticTableViewController.m; path = Static/EditionStaticTableViewController.m; sourceTree = "<group>"; };
		A597AFA41ACA26E9007F0AFA /* GamePlayed.h */ = {isa = PBXFileReference; fileEncoding = 4; lastKnownFileType = sourcecode.c.h; name = GamePlayed.h; path = CoreData/GamePlayed.h; sourceTree = "<group>"; };
		A597AFA51ACA26E9007F0AFA /* GamePlayed.m */ = {isa = PBXFileReference; fileEncoding = 4; lastKnownFileType = sourcecode.c.objc; name = GamePlayed.m; path = CoreData/GamePlayed.m; sourceTree = "<group>"; };
		A597AFA81ACA26EA007F0AFA /* Edition.h */ = {isa = PBXFileReference; fileEncoding = 4; lastKnownFileType = sourcecode.c.h; name = Edition.h; path = CoreData/Edition.h; sourceTree = "<group>"; };
		A597AFA91ACA26EA007F0AFA /* Edition.m */ = {isa = PBXFileReference; fileEncoding = 4; lastKnownFileType = sourcecode.c.objc; name = Edition.m; path = CoreData/Edition.m; sourceTree = "<group>"; };
		A597AFAC1ACA26EA007F0AFA /* Game.h */ = {isa = PBXFileReference; fileEncoding = 4; lastKnownFileType = sourcecode.c.h; name = Game.h; path = CoreData/Game.h; sourceTree = "<group>"; };
		A597AFAD1ACA26EA007F0AFA /* Game.m */ = {isa = PBXFileReference; fileEncoding = 4; lastKnownFileType = sourcecode.c.objc; name = Game.m; path = CoreData/Game.m; sourceTree = "<group>"; };
		A597AFB01ACA26EA007F0AFA /* Difficulty.h */ = {isa = PBXFileReference; fileEncoding = 4; lastKnownFileType = sourcecode.c.h; name = Difficulty.h; path = CoreData/Difficulty.h; sourceTree = "<group>"; };
		A597AFB11ACA26EA007F0AFA /* Difficulty.m */ = {isa = PBXFileReference; fileEncoding = 4; lastKnownFileType = sourcecode.c.objc; name = Difficulty.m; path = CoreData/Difficulty.m; sourceTree = "<group>"; };
		A597AFB41ACA26EA007F0AFA /* Editor.h */ = {isa = PBXFileReference; fileEncoding = 4; lastKnownFileType = sourcecode.c.h; name = Editor.h; path = CoreData/Editor.h; sourceTree = "<group>"; };
		A597AFB51ACA26EA007F0AFA /* Editor.m */ = {isa = PBXFileReference; fileEncoding = 4; lastKnownFileType = sourcecode.c.objc; name = Editor.m; path = CoreData/Editor.m; sourceTree = "<group>"; };
		A597AFB81ACA26EA007F0AFA /* Extension.h */ = {isa = PBXFileReference; fileEncoding = 4; lastKnownFileType = sourcecode.c.h; name = Extension.h; path = CoreData/Extension.h; sourceTree = "<group>"; };
		A597AFB91ACA26EA007F0AFA /* Extension.m */ = {isa = PBXFileReference; fileEncoding = 4; lastKnownFileType = sourcecode.c.objc; name = Extension.m; path = CoreData/Extension.m; sourceTree = "<group>"; };
		A597AFBC1ACA26EA007F0AFA /* Language.h */ = {isa = PBXFileReference; fileEncoding = 4; lastKnownFileType = sourcecode.c.h; name = Language.h; path = CoreData/Language.h; sourceTree = "<group>"; };
		A597AFBD1ACA26EA007F0AFA /* Language.m */ = {isa = PBXFileReference; fileEncoding = 4; lastKnownFileType = sourcecode.c.objc; name = Language.m; path = CoreData/Language.m; sourceTree = "<group>"; };
		A597AFC01ACA26EA007F0AFA /* Person.h */ = {isa = PBXFileReference; fileEncoding = 4; lastKnownFileType = sourcecode.c.h; name = Person.h; path = CoreData/Person.h; sourceTree = "<group>"; };
		A597AFC11ACA26EA007F0AFA /* Person.m */ = {isa = PBXFileReference; fileEncoding = 4; lastKnownFileType = sourcecode.c.objc; name = Person.m; path = CoreData/Person.m; sourceTree = "<group>"; };
		A597AFC41ACA26EA007F0AFA /* Theme.h */ = {isa = PBXFileReference; fileEncoding = 4; lastKnownFileType = sourcecode.c.h; name = Theme.h; path = CoreData/Theme.h; sourceTree = "<group>"; };
		A597AFC51ACA26EA007F0AFA /* Theme.m */ = {isa = PBXFileReference; fileEncoding = 4; lastKnownFileType = sourcecode.c.objc; name = Theme.m; path = CoreData/Theme.m; sourceTree = "<group>"; };
		A597AFC81ACA26EA007F0AFA /* Type.h */ = {isa = PBXFileReference; fileEncoding = 4; lastKnownFileType = sourcecode.c.h; name = Type.h; path = CoreData/Type.h; sourceTree = "<group>"; };
		A597AFC91ACA26EA007F0AFA /* Type.m */ = {isa = PBXFileReference; fileEncoding = 4; lastKnownFileType = sourcecode.c.objc; name = Type.m; path = CoreData/Type.m; sourceTree = "<group>"; };
		A597AFCC1ACA26EB007F0AFA /* Variant.h */ = {isa = PBXFileReference; fileEncoding = 4; lastKnownFileType = sourcecode.c.h; name = Variant.h; path = CoreData/Variant.h; sourceTree = "<group>"; };
		A597AFCD1ACA26EB007F0AFA /* Variant.m */ = {isa = PBXFileReference; fileEncoding = 4; lastKnownFileType = sourcecode.c.objc; name = Variant.m; path = CoreData/Variant.m; sourceTree = "<group>"; };
		A59F909B1AC050E700AA96E8 /* AuthorTableViewController.h */ = {isa = PBXFileReference; fileEncoding = 4; lastKnownFileType = sourcecode.c.h; name = AuthorTableViewController.h; path = Author/View/AuthorTableViewController.h; sourceTree = "<group>"; };
		A59F909C1AC050E700AA96E8 /* AuthorTableViewController.m */ = {isa = PBXFileReference; fileEncoding = 4; lastKnownFileType = sourcecode.c.objc; name = AuthorTableViewController.m; path = Author/View/AuthorTableViewController.m; sourceTree = "<group>"; };
		A59F909F1AC0516F00AA96E8 /* AuthorTableViewCell.h */ = {isa = PBXFileReference; fileEncoding = 4; lastKnownFileType = sourcecode.c.h; name = AuthorTableViewCell.h; path = Author/View/AuthorTableViewCell.h; sourceTree = "<group>"; };
		A59F90A01AC0516F00AA96E8 /* AuthorTableViewCell.m */ = {isa = PBXFileReference; fileEncoding = 4; lastKnownFileType = sourcecode.c.objc; name = AuthorTableViewCell.m; path = Author/View/AuthorTableViewCell.m; sourceTree = "<group>"; };
		A59F90A31AC0518A00AA96E8 /* AddAuthorViewController.h */ = {isa = PBXFileReference; fileEncoding = 4; lastKnownFileType = sourcecode.c.h; name = AddAuthorViewController.h; path = Author/Add/AddAuthorViewController.h; sourceTree = "<group>"; };
		A59F90A41AC0518A00AA96E8 /* AddAuthorViewController.m */ = {isa = PBXFileReference; fileEncoding = 4; lastKnownFileType = sourcecode.c.objc; name = AddAuthorViewController.m; path = Author/Add/AddAuthorViewController.m; sourceTree = "<group>"; };
		A59F90A71AC0528E00AA96E8 /* AddIllustratorViewController.h */ = {isa = PBXFileReference; fileEncoding = 4; lastKnownFileType = sourcecode.c.h; name = AddIllustratorViewController.h; path = Illustrator/Add/AddIllustratorViewController.h; sourceTree = "<group>"; };
		A59F90A81AC0528E00AA96E8 /* AddIllustratorViewController.m */ = {isa = PBXFileReference; fileEncoding = 4; lastKnownFileType = sourcecode.c.objc; name = AddIllustratorViewController.m; path = Illustrator/Add/AddIllustratorViewController.m; sourceTree = "<group>"; };
		A59F90AB1AC0530500AA96E8 /* IllustratorTableViewController.h */ = {isa = PBXFileReference; fileEncoding = 4; lastKnownFileType = sourcecode.c.h; name = IllustratorTableViewController.h; path = Illustrator/View/IllustratorTableViewController.h; sourceTree = "<group>"; };
		A59F90AC1AC0530500AA96E8 /* IllustratorTableViewController.m */ = {isa = PBXFileReference; fileEncoding = 4; lastKnownFileType = sourcecode.c.objc; name = IllustratorTableViewController.m; path = Illustrator/View/IllustratorTableViewController.m; sourceTree = "<group>"; };
		A59F90AF1AC0535600AA96E8 /* IllustratorTableViewCell.h */ = {isa = PBXFileReference; fileEncoding = 4; lastKnownFileType = sourcecode.c.h; name = IllustratorTableViewCell.h; path = Illustrator/View/IllustratorTableViewCell.h; sourceTree = "<group>"; };
		A59F90B01AC0535600AA96E8 /* IllustratorTableViewCell.m */ = {isa = PBXFileReference; fileEncoding = 4; lastKnownFileType = sourcecode.c.objc; name = IllustratorTableViewCell.m; path = Illustrator/View/IllustratorTableViewCell.m; sourceTree = "<group>"; };
		A5F145D61ABC7E4C00133B8D /* AddDifficultyViewController.h */ = {isa = PBXFileReference; fileEncoding = 4; lastKnownFileType = sourcecode.c.h; path = AddDifficultyViewController.h; sourceTree = "<group>"; };
		A5F145D71ABC7E4C00133B8D /* AddDifficultyViewController.m */ = {isa = PBXFileReference; fileEncoding = 4; lastKnownFileType = sourcecode.c.objc; path = AddDifficultyViewController.m; sourceTree = "<group>"; };
		A5F145D91ABC7E4C00133B8D /* DifficultyTableViewController.h */ = {isa = PBXFileReference; fileEncoding = 4; lastKnownFileType = sourcecode.c.h; path = DifficultyTableViewController.h; sourceTree = "<group>"; };
		A5F145DA1ABC7E4C00133B8D /* DifficultyTableViewController.m */ = {isa = PBXFileReference; fileEncoding = 4; lastKnownFileType = sourcecode.c.objc; path = DifficultyTableViewController.m; sourceTree = "<group>"; };
		A5F145DD1ABC7E4C00133B8D /* AddEditionViewController.h */ = {isa = PBXFileReference; fileEncoding = 4; lastKnownFileType = sourcecode.c.h; path = AddEditionViewController.h; sourceTree = "<group>"; };
		A5F145DE1ABC7E4C00133B8D /* AddEditionViewController.m */ = {isa = PBXFileReference; fileEncoding = 4; lastKnownFileType = sourcecode.c.objc; path = AddEditionViewController.m; sourceTree = "<group>"; };
		A5F145E01ABC7E4C00133B8D /* EditionTableViewController.h */ = {isa = PBXFileReference; fileEncoding = 4; lastKnownFileType = sourcecode.c.h; path = EditionTableViewController.h; sourceTree = "<group>"; };
		A5F145E11ABC7E4C00133B8D /* EditionTableViewController.m */ = {isa = PBXFileReference; fileEncoding = 4; lastKnownFileType = sourcecode.c.objc; path = EditionTableViewController.m; sourceTree = "<group>"; };
		A5F145E41ABC7E4C00133B8D /* AddEditorViewController.h */ = {isa = PBXFileReference; fileEncoding = 4; lastKnownFileType = sourcecode.c.h; path = AddEditorViewController.h; sourceTree = "<group>"; };
		A5F145E51ABC7E4C00133B8D /* AddEditorViewController.m */ = {isa = PBXFileReference; fileEncoding = 4; lastKnownFileType = sourcecode.c.objc; path = AddEditorViewController.m; sourceTree = "<group>"; };
		A5F145E71ABC7E4C00133B8D /* EditorTableViewController.h */ = {isa = PBXFileReference; fileEncoding = 4; lastKnownFileType = sourcecode.c.h; path = EditorTableViewController.h; sourceTree = "<group>"; };
		A5F145E81ABC7E4C00133B8D /* EditorTableViewController.m */ = {isa = PBXFileReference; fileEncoding = 4; lastKnownFileType = sourcecode.c.objc; path = EditorTableViewController.m; sourceTree = "<group>"; };
		A5F145EB1ABC7E4C00133B8D /* AddExtensionViewController.h */ = {isa = PBXFileReference; fileEncoding = 4; lastKnownFileType = sourcecode.c.h; path = AddExtensionViewController.h; sourceTree = "<group>"; };
		A5F145EC1ABC7E4C00133B8D /* AddExtensionViewController.m */ = {isa = PBXFileReference; fileEncoding = 4; lastKnownFileType = sourcecode.c.objc; path = AddExtensionViewController.m; sourceTree = "<group>"; };
		A5F145EE1ABC7E4C00133B8D /* ExtensionTableViewController.h */ = {isa = PBXFileReference; fileEncoding = 4; lastKnownFileType = sourcecode.c.h; path = ExtensionTableViewController.h; sourceTree = "<group>"; };
		A5F145EF1ABC7E4C00133B8D /* ExtensionTableViewController.m */ = {isa = PBXFileReference; fileEncoding = 4; lastKnownFileType = sourcecode.c.objc; path = ExtensionTableViewController.m; sourceTree = "<group>"; };
		A5F145F21ABC7E4C00133B8D /* AddGameViewController.h */ = {isa = PBXFileReference; fileEncoding = 4; lastKnownFileType = sourcecode.c.h; path = AddGameViewController.h; sourceTree = "<group>"; };
		A5F145F31ABC7E4C00133B8D /* AddGameViewController.m */ = {isa = PBXFileReference; fileEncoding = 4; lastKnownFileType = sourcecode.c.objc; path = AddGameViewController.m; sourceTree = "<group>"; };
		A5F145F51ABC7E4C00133B8D /* GameTableViewCell.h */ = {isa = PBXFileReference; fileEncoding = 4; lastKnownFileType = sourcecode.c.h; path = GameTableViewCell.h; sourceTree = "<group>"; };
		A5F145F61ABC7E4C00133B8D /* GameTableViewCell.m */ = {isa = PBXFileReference; fileEncoding = 4; lastKnownFileType = sourcecode.c.objc; path = GameTableViewCell.m; sourceTree = "<group>"; };
		A5F145F71ABC7E4C00133B8D /* GameTableViewController.h */ = {isa = PBXFileReference; fileEncoding = 4; lastKnownFileType = sourcecode.c.h; path = GameTableViewController.h; sourceTree = "<group>"; };
		A5F145F81ABC7E4C00133B8D /* GameTableViewController.m */ = {isa = PBXFileReference; fileEncoding = 4; lastKnownFileType = sourcecode.c.objc; path = GameTableViewController.m; sourceTree = "<group>"; };
		A5F145FB1ABC7E4C00133B8D /* AddGamePlayedViewController.h */ = {isa = PBXFileReference; fileEncoding = 4; lastKnownFileType = sourcecode.c.h; path = AddGamePlayedViewController.h; sourceTree = "<group>"; };
		A5F145FC1ABC7E4C00133B8D /* AddGamePlayedViewController.m */ = {isa = PBXFileReference; fileEncoding = 4; lastKnownFileType = sourcecode.c.objc; path = AddGamePlayedViewController.m; sourceTree = "<group>"; };
		A5F145FE1ABC7E4C00133B8D /* GamePlayedTableViewController.h */ = {isa = PBXFileReference; fileEncoding = 4; lastKnownFileType = sourcecode.c.h; path = GamePlayedTableViewController.h; sourceTree = "<group>"; };
		A5F145FF1ABC7E4C00133B8D /* GamePlayedTableViewController.m */ = {isa = PBXFileReference; fileEncoding = 4; lastKnownFileType = sourcecode.c.objc; path = GamePlayedTableViewController.m; sourceTree = "<group>"; };
		A5F146021ABC7E4C00133B8D /* AddLanguageViewController.h */ = {isa = PBXFileReference; fileEncoding = 4; lastKnownFileType = sourcecode.c.h; path = AddLanguageViewController.h; sourceTree = "<group>"; };
		A5F146031ABC7E4C00133B8D /* AddLanguageViewController.m */ = {isa = PBXFileReference; fileEncoding = 4; lastKnownFileType = sourcecode.c.objc; path = AddLanguageViewController.m; sourceTree = "<group>"; };
		A5F146051ABC7E4C00133B8D /* LanguageTableViewController.h */ = {isa = PBXFileReference; fileEncoding = 4; lastKnownFileType = sourcecode.c.h; path = LanguageTableViewController.h; sourceTree = "<group>"; };
		A5F146061ABC7E4C00133B8D /* LanguageTableViewController.m */ = {isa = PBXFileReference; fileEncoding = 4; lastKnownFileType = sourcecode.c.objc; path = LanguageTableViewController.m; sourceTree = "<group>"; };
		A5F146091ABC7E4C00133B8D /* AddThemeViewController.h */ = {isa = PBXFileReference; fileEncoding = 4; lastKnownFileType = sourcecode.c.h; path = AddThemeViewController.h; sourceTree = "<group>"; };
		A5F1460A1ABC7E4C00133B8D /* AddThemeViewController.m */ = {isa = PBXFileReference; fileEncoding = 4; lastKnownFileType = sourcecode.c.objc; path = AddThemeViewController.m; sourceTree = "<group>"; };
		A5F1460C1ABC7E4C00133B8D /* ThemeTableViewController.h */ = {isa = PBXFileReference; fileEncoding = 4; lastKnownFileType = sourcecode.c.h; path = ThemeTableViewController.h; sourceTree = "<group>"; };
		A5F1460D1ABC7E4C00133B8D /* ThemeTableViewController.m */ = {isa = PBXFileReference; fileEncoding = 4; lastKnownFileType = sourcecode.c.objc; path = ThemeTableViewController.m; sourceTree = "<group>"; };
		A5F146101ABC7E4C00133B8D /* AddTypeViewController.h */ = {isa = PBXFileReference; fileEncoding = 4; lastKnownFileType = sourcecode.c.h; path = AddTypeViewController.h; sourceTree = "<group>"; };
		A5F146111ABC7E4C00133B8D /* AddTypeViewController.m */ = {isa = PBXFileReference; fileEncoding = 4; lastKnownFileType = sourcecode.c.objc; path = AddTypeViewController.m; sourceTree = "<group>"; };
		A5F146131ABC7E4C00133B8D /* TypeTableViewController.h */ = {isa = PBXFileReference; fileEncoding = 4; lastKnownFileType = sourcecode.c.h; path = TypeTableViewController.h; sourceTree = "<group>"; };
		A5F146141ABC7E4C00133B8D /* TypeTableViewController.m */ = {isa = PBXFileReference; fileEncoding = 4; lastKnownFileType = sourcecode.c.objc; path = TypeTableViewController.m; sourceTree = "<group>"; };
		A5F146171ABC7E4C00133B8D /* AddVariantViewController.h */ = {isa = PBXFileReference; fileEncoding = 4; lastKnownFileType = sourcecode.c.h; path = AddVariantViewController.h; sourceTree = "<group>"; };
		A5F146181ABC7E4C00133B8D /* AddVariantViewController.m */ = {isa = PBXFileReference; fileEncoding = 4; lastKnownFileType = sourcecode.c.objc; path = AddVariantViewController.m; sourceTree = "<group>"; };
		A5F1461A1ABC7E4C00133B8D /* VariantTableViewController.h */ = {isa = PBXFileReference; fileEncoding = 4; lastKnownFileType = sourcecode.c.h; path = VariantTableViewController.h; sourceTree = "<group>"; };
		A5F1461B1ABC7E4C00133B8D /* VariantTableViewController.m */ = {isa = PBXFileReference; fileEncoding = 4; lastKnownFileType = sourcecode.c.objc; path = VariantTableViewController.m; sourceTree = "<group>"; };
		AD72DB2B1ABEFF7E00449A49 /* DifficultyTableViewCell.h */ = {isa = PBXFileReference; fileEncoding = 4; lastKnownFileType = sourcecode.c.h; path = DifficultyTableViewCell.h; sourceTree = "<group>"; };
		AD72DB2C1ABEFF7E00449A49 /* DifficultyTableViewCell.m */ = {isa = PBXFileReference; fileEncoding = 4; lastKnownFileType = sourcecode.c.objc; path = DifficultyTableViewCell.m; sourceTree = "<group>"; };
		AD72DB2F1ABF03BF00449A49 /* EditorTableViewCell.h */ = {isa = PBXFileReference; fileEncoding = 4; lastKnownFileType = sourcecode.c.h; path = EditorTableViewCell.h; sourceTree = "<group>"; };
		AD72DB301ABF03BF00449A49 /* EditorTableViewCell.m */ = {isa = PBXFileReference; fileEncoding = 4; lastKnownFileType = sourcecode.c.objc; path = EditorTableViewCell.m; sourceTree = "<group>"; };
		AD72DB331ABF052D00449A49 /* LanguageTableViewCell.h */ = {isa = PBXFileReference; fileEncoding = 4; lastKnownFileType = sourcecode.c.h; path = LanguageTableViewCell.h; sourceTree = "<group>"; };
		AD72DB341ABF052D00449A49 /* LanguageTableViewCell.m */ = {isa = PBXFileReference; fileEncoding = 4; lastKnownFileType = sourcecode.c.objc; path = LanguageTableViewCell.m; sourceTree = "<group>"; };
		AD72DB371ABF07D500449A49 /* ThemeTableViewCell.h */ = {isa = PBXFileReference; fileEncoding = 4; lastKnownFileType = sourcecode.c.h; path = ThemeTableViewCell.h; sourceTree = "<group>"; };
		AD72DB381ABF07D500449A49 /* ThemeTableViewCell.m */ = {isa = PBXFileReference; fileEncoding = 4; lastKnownFileType = sourcecode.c.objc; path = ThemeTableViewCell.m; sourceTree = "<group>"; };
		ADA59F9E1AC2AA7200F050D1 /* VariantTableViewCell.h */ = {isa = PBXFileReference; fileEncoding = 4; lastKnownFileType = sourcecode.c.h; path = VariantTableViewCell.h; sourceTree = "<group>"; };
		ADA59F9F1AC2AA7200F050D1 /* VariantTableViewCell.m */ = {isa = PBXFileReference; fileEncoding = 4; lastKnownFileType = sourcecode.c.objc; path = VariantTableViewCell.m; sourceTree = "<group>"; };
		ADBED37B1AC95BFA00C409D2 /* EditionTableViewCell.h */ = {isa = PBXFileReference; fileEncoding = 4; lastKnownFileType = sourcecode.c.h; path = EditionTableViewCell.h; sourceTree = "<group>"; };
		ADBED37C1AC95BFA00C409D2 /* EditionTableViewCell.m */ = {isa = PBXFileReference; fileEncoding = 4; lastKnownFileType = sourcecode.c.objc; path = EditionTableViewCell.m; sourceTree = "<group>"; };
		ADBED37F1AC98FED00C409D2 /* ExtensionTableViewCell.h */ = {isa = PBXFileReference; fileEncoding = 4; lastKnownFileType = sourcecode.c.h; path = ExtensionTableViewCell.h; sourceTree = "<group>"; };
		ADBED3801AC98FED00C409D2 /* ExtensionTableViewCell.m */ = {isa = PBXFileReference; fileEncoding = 4; lastKnownFileType = sourcecode.c.objc; path = ExtensionTableViewCell.m; sourceTree = "<group>"; };
		ADBED3831AC99CDC00C409D2 /* GamePlayedTableViewCell.h */ = {isa = PBXFileReference; fileEncoding = 4; lastKnownFileType = sourcecode.c.h; path = GamePlayedTableViewCell.h; sourceTree = "<group>"; };
		ADBED3841AC99CDC00C409D2 /* GamePlayedTableViewCell.m */ = {isa = PBXFileReference; fileEncoding = 4; lastKnownFileType = sourcecode.c.objc; path = GamePlayedTableViewCell.m; sourceTree = "<group>"; };
		ADCA097B1ABC819100C46720 /* TypeTableViewCell.h */ = {isa = PBXFileReference; fileEncoding = 4; lastKnownFileType = sourcecode.c.h; path = TypeTableViewCell.h; sourceTree = "<group>"; };
		ADCA097C1ABC819100C46720 /* TypeTableViewCell.m */ = {isa = PBXFileReference; fileEncoding = 4; lastKnownFileType = sourcecode.c.objc; path = TypeTableViewCell.m; sourceTree = "<group>"; };
/* End PBXFileReference section */

/* Begin PBXFrameworksBuildPhase section */
		A519BE3D1ABC78230014E71C /* Frameworks */ = {
			isa = PBXFrameworksBuildPhase;
			buildActionMask = 2147483647;
			files = (
			);
			runOnlyForDeploymentPostprocessing = 0;
		};
		A519BE591ABC78230014E71C /* Frameworks */ = {
			isa = PBXFrameworksBuildPhase;
			buildActionMask = 2147483647;
			files = (
			);
			runOnlyForDeploymentPostprocessing = 0;
		};
/* End PBXFrameworksBuildPhase section */

/* Begin PBXGroup section */
		A519BE371ABC78230014E71C = {
			isa = PBXGroup;
			children = (
				A519BE421ABC78230014E71C /* LudoTech */,
				A519BE5F1ABC78230014E71C /* LudoTechTests */,
				A519BE411ABC78230014E71C /* Products */,
			);
			sourceTree = "<group>";
		};
		A519BE411ABC78230014E71C /* Products */ = {
			isa = PBXGroup;
			children = (
				A519BE401ABC78230014E71C /* LudoTech.app */,
				A519BE5C1ABC78230014E71C /* LudoTechTests.xctest */,
			);
			name = Products;
			sourceTree = "<group>";
		};
		A519BE421ABC78230014E71C /* LudoTech */ = {
			isa = PBXGroup;
			children = (
				A5F145D31ABC7E4C00133B8D /* UI */,
				A519BEA61ABC7C280014E71C /* DataModel */,
				A519BE791ABC7A7B0014E71C /* CoreData */,
				A519BE6D1ABC79760014E71C /* Application */,
				A519BE6C1ABC79700014E71C /* Ressources */,
				A519BE431ABC78230014E71C /* Supporting Files */,
			);
			path = LudoTech;
			sourceTree = "<group>";
		};
		A519BE431ABC78230014E71C /* Supporting Files */ = {
			isa = PBXGroup;
			children = (
				A519BE441ABC78230014E71C /* Info.plist */,
				A519BE451ABC78230014E71C /* main.m */,
			);
			name = "Supporting Files";
			sourceTree = "<group>";
		};
		A519BE5F1ABC78230014E71C /* LudoTechTests */ = {
			isa = PBXGroup;
			children = (
				A519BE621ABC78230014E71C /* LudoTechTests.m */,
				A519BE601ABC78230014E71C /* Supporting Files */,
			);
			path = LudoTechTests;
			sourceTree = "<group>";
		};
		A519BE601ABC78230014E71C /* Supporting Files */ = {
			isa = PBXGroup;
			children = (
				A519BE611ABC78230014E71C /* Info.plist */,
			);
			name = "Supporting Files";
			sourceTree = "<group>";
		};
		A519BE6C1ABC79700014E71C /* Ressources */ = {
			isa = PBXGroup;
			children = (
				A519BE761ABC79D90014E71C /* LudoTech.xcdatamodeld */,
				A519BE701ABC79C50014E71C /* Main.storyboard */,
				A519BE741ABC79D00014E71C /* Images.xcassets */,
				A519BE6E1ABC79C50014E71C /* LaunchScreen.xib */,
			);
			name = Ressources;
			sourceTree = "<group>";
		};
		A519BE6D1ABC79760014E71C /* Application */ = {
			isa = PBXGroup;
			children = (
				A519BE471ABC78230014E71C /* AppDelegate.h */,
				A519BE481ABC78230014E71C /* AppDelegate.m */,
			);
			name = Application;
			sourceTree = "<group>";
		};
		A519BE791ABC7A7B0014E71C /* CoreData */ = {
			isa = PBXGroup;
			children = (
				A597AFAC1ACA26EA007F0AFA /* Game.h */,
				A597AFAD1ACA26EA007F0AFA /* Game.m */,
				A597AFCC1ACA26EB007F0AFA /* Variant.h */,
				A597AFCD1ACA26EB007F0AFA /* Variant.m */,
				A597AFA81ACA26EA007F0AFA /* Edition.h */,
				A597AFA91ACA26EA007F0AFA /* Edition.m */,
				A597AFB81ACA26EA007F0AFA /* Extension.h */,
				A597AFB91ACA26EA007F0AFA /* Extension.m */,
				A597AFA41ACA26E9007F0AFA /* GamePlayed.h */,
				A597AFA51ACA26E9007F0AFA /* GamePlayed.m */,
				A597AFC81ACA26EA007F0AFA /* Type.h */,
				A597AFC91ACA26EA007F0AFA /* Type.m */,
				A597AFB01ACA26EA007F0AFA /* Difficulty.h */,
				A597AFB11ACA26EA007F0AFA /* Difficulty.m */,
				A597AFC01ACA26EA007F0AFA /* Person.h */,
				A597AFC11ACA26EA007F0AFA /* Person.m */,
				A597AFB41ACA26EA007F0AFA /* Editor.h */,
				A597AFB51ACA26EA007F0AFA /* Editor.m */,
				A597AFBC1ACA26EA007F0AFA /* Language.h */,
				A597AFBD1ACA26EA007F0AFA /* Language.m */,
				A597AFC41ACA26EA007F0AFA /* Theme.h */,
				A597AFC51ACA26EA007F0AFA /* Theme.m */,
			);
			name = CoreData;
			sourceTree = "<group>";
		};
		A519BEA61ABC7C280014E71C /* DataModel */ = {
			isa = PBXGroup;
			children = (
				A519BEAF1ABC7C280014E71C /* Game+DataModel.h */,
				A519BEB01ABC7C280014E71C /* Game+DataModel.m */,
				A519BEBB1ABC7C280014E71C /* Variant+DataModel.h */,
				A519BEBC1ABC7C280014E71C /* Variant+DataModel.m */,
				A519BEA91ABC7C280014E71C /* Edition+DataModel.h */,
				A519BEAA1ABC7C280014E71C /* Edition+DataModel.m */,
				A519BEAD1ABC7C280014E71C /* Extension+DataModel.h */,
				A519BEAE1ABC7C280014E71C /* Extension+DataModel.m */,
				A519BEB11ABC7C280014E71C /* GamePlayed+DataModel.h */,
				A519BEB21ABC7C280014E71C /* GamePlayed+DataModel.m */,
				A519BEB91ABC7C280014E71C /* Type+DataModel.h */,
				A519BEBA1ABC7C280014E71C /* Type+DataModel.m */,
				A519BEA71ABC7C280014E71C /* Difficulty+DataModel.h */,
				A519BEA81ABC7C280014E71C /* Difficulty+DataModel.m */,
				A519BEB51ABC7C280014E71C /* Person+DataModel.h */,
				A519BEB61ABC7C280014E71C /* Person+DataModel.m */,
				A519BEAB1ABC7C280014E71C /* Editor+DataModel.h */,
				A519BEAC1ABC7C280014E71C /* Editor+DataModel.m */,
				A519BEB31ABC7C280014E71C /* Language+DataModel.h */,
				A519BEB41ABC7C280014E71C /* Language+DataModel.m */,
				A519BEB71ABC7C280014E71C /* Theme+DataModel.h */,
				A519BEB81ABC7C280014E71C /* Theme+DataModel.m */,
			);
			path = DataModel;
			sourceTree = "<group>";
		};
		A597AF9B1ACA0E92007F0AFA /* Static */ = {
			isa = PBXGroup;
			children = (
				A597AF9C1ACA0ED4007F0AFA /* VariantStaticTableViewController.h */,
				A597AF9D1ACA0ED4007F0AFA /* VariantStaticTableViewController.m */,
				A597AFA01ACA0EE1007F0AFA /* EditionStaticTableViewController.h */,
				A597AFA11ACA0EE1007F0AFA /* EditionStaticTableViewController.m */,
			);
			name = Static;
			sourceTree = "<group>";
		};
		A59F90951AC0502100AA96E8 /* Author */ = {
			isa = PBXGroup;
			children = (
				A59F90991AC0505500AA96E8 /* View */,
				A59F909A1AC0505C00AA96E8 /* Add */,
			);
			name = Author;
			sourceTree = "<group>";
		};
		A59F90961AC0502C00AA96E8 /* Illustrator */ = {
			isa = PBXGroup;
			children = (
				A59F90971AC0503F00AA96E8 /* View */,
				A59F90981AC0504B00AA96E8 /* Add */,
			);
			name = Illustrator;
			sourceTree = "<group>";
		};
		A59F90971AC0503F00AA96E8 /* View */ = {
			isa = PBXGroup;
			children = (
				A59F90AB1AC0530500AA96E8 /* IllustratorTableViewController.h */,
				A59F90AC1AC0530500AA96E8 /* IllustratorTableViewController.m */,
				A59F90AF1AC0535600AA96E8 /* IllustratorTableViewCell.h */,
				A59F90B01AC0535600AA96E8 /* IllustratorTableViewCell.m */,
			);
			name = View;
			sourceTree = "<group>";
		};
		A59F90981AC0504B00AA96E8 /* Add */ = {
			isa = PBXGroup;
			children = (
				A59F90A71AC0528E00AA96E8 /* AddIllustratorViewController.h */,
				A59F90A81AC0528E00AA96E8 /* AddIllustratorViewController.m */,
			);
			name = Add;
			sourceTree = "<group>";
		};
		A59F90991AC0505500AA96E8 /* View */ = {
			isa = PBXGroup;
			children = (
				A59F909B1AC050E700AA96E8 /* AuthorTableViewController.h */,
				A59F909C1AC050E700AA96E8 /* AuthorTableViewController.m */,
				A59F909F1AC0516F00AA96E8 /* AuthorTableViewCell.h */,
				A59F90A01AC0516F00AA96E8 /* AuthorTableViewCell.m */,
			);
			name = View;
			sourceTree = "<group>";
		};
		A59F909A1AC0505C00AA96E8 /* Add */ = {
			isa = PBXGroup;
			children = (
				A59F90A31AC0518A00AA96E8 /* AddAuthorViewController.h */,
				A59F90A41AC0518A00AA96E8 /* AddAuthorViewController.m */,
			);
			name = Add;
			sourceTree = "<group>";
		};
		A5F145D31ABC7E4C00133B8D /* UI */ = {
			isa = PBXGroup;
			children = (
				A5F145F01ABC7E4C00133B8D /* Game */,
				A5F146151ABC7E4C00133B8D /* Variant */,
				A5F145DB1ABC7E4C00133B8D /* Edition */,
				A59F90951AC0502100AA96E8 /* Author */,
				A59F90961AC0502C00AA96E8 /* Illustrator */,
				A5F145E91ABC7E4C00133B8D /* Extension */,
				A5F145F91ABC7E4C00133B8D /* GamePlayed */,
				A5F1460E1ABC7E4C00133B8D /* Type */,
				A5F145D41ABC7E4C00133B8D /* Difficulty */,
				A5F145E21ABC7E4C00133B8D /* Editor */,
				A5F146001ABC7E4C00133B8D /* Language */,
				A5F146071ABC7E4C00133B8D /* Theme */,
				A597AF9B1ACA0E92007F0AFA /* Static */,
			);
			path = UI;
			sourceTree = "<group>";
		};
		A5F145D41ABC7E4C00133B8D /* Difficulty */ = {
			isa = PBXGroup;
			children = (
				A5F145D81ABC7E4C00133B8D /* View */,
				A5F145D51ABC7E4C00133B8D /* Add */,
			);
			path = Difficulty;
			sourceTree = "<group>";
		};
		A5F145D51ABC7E4C00133B8D /* Add */ = {
			isa = PBXGroup;
			children = (
				A5F145D61ABC7E4C00133B8D /* AddDifficultyViewController.h */,
				A5F145D71ABC7E4C00133B8D /* AddDifficultyViewController.m */,
			);
			path = Add;
			sourceTree = "<group>";
		};
		A5F145D81ABC7E4C00133B8D /* View */ = {
			isa = PBXGroup;
			children = (
				A5F145D91ABC7E4C00133B8D /* DifficultyTableViewController.h */,
				A5F145DA1ABC7E4C00133B8D /* DifficultyTableViewController.m */,
				AD72DB2B1ABEFF7E00449A49 /* DifficultyTableViewCell.h */,
				AD72DB2C1ABEFF7E00449A49 /* DifficultyTableViewCell.m */,
			);
			path = View;
			sourceTree = "<group>";
		};
		A5F145DB1ABC7E4C00133B8D /* Edition */ = {
			isa = PBXGroup;
			children = (
				A5F145DF1ABC7E4C00133B8D /* View */,
				A5F145DC1ABC7E4C00133B8D /* Add */,
			);
			path = Edition;
			sourceTree = "<group>";
		};
		A5F145DC1ABC7E4C00133B8D /* Add */ = {
			isa = PBXGroup;
			children = (
				A5F145DD1ABC7E4C00133B8D /* AddEditionViewController.h */,
				A5F145DE1ABC7E4C00133B8D /* AddEditionViewController.m */,
			);
			path = Add;
			sourceTree = "<group>";
		};
		A5F145DF1ABC7E4C00133B8D /* View */ = {
			isa = PBXGroup;
			children = (
				A5F145E01ABC7E4C00133B8D /* EditionTableViewController.h */,
				A5F145E11ABC7E4C00133B8D /* EditionTableViewController.m */,
				ADBED37B1AC95BFA00C409D2 /* EditionTableViewCell.h */,
				ADBED37C1AC95BFA00C409D2 /* EditionTableViewCell.m */,
			);
			path = View;
			sourceTree = "<group>";
		};
		A5F145E21ABC7E4C00133B8D /* Editor */ = {
			isa = PBXGroup;
			children = (
				A5F145E61ABC7E4C00133B8D /* View */,
				A5F145E31ABC7E4C00133B8D /* Add */,
			);
			path = Editor;
			sourceTree = "<group>";
		};
		A5F145E31ABC7E4C00133B8D /* Add */ = {
			isa = PBXGroup;
			children = (
				A5F145E41ABC7E4C00133B8D /* AddEditorViewController.h */,
				A5F145E51ABC7E4C00133B8D /* AddEditorViewController.m */,
			);
			path = Add;
			sourceTree = "<group>";
		};
		A5F145E61ABC7E4C00133B8D /* View */ = {
			isa = PBXGroup;
			children = (
				A5F145E71ABC7E4C00133B8D /* EditorTableViewController.h */,
				A5F145E81ABC7E4C00133B8D /* EditorTableViewController.m */,
				AD72DB2F1ABF03BF00449A49 /* EditorTableViewCell.h */,
				AD72DB301ABF03BF00449A49 /* EditorTableViewCell.m */,
			);
			path = View;
			sourceTree = "<group>";
		};
		A5F145E91ABC7E4C00133B8D /* Extension */ = {
			isa = PBXGroup;
			children = (
				A5F145ED1ABC7E4C00133B8D /* View */,
				A5F145EA1ABC7E4C00133B8D /* Add */,
			);
			path = Extension;
			sourceTree = "<group>";
		};
		A5F145EA1ABC7E4C00133B8D /* Add */ = {
			isa = PBXGroup;
			children = (
				A5F145EB1ABC7E4C00133B8D /* AddExtensionViewController.h */,
				A5F145EC1ABC7E4C00133B8D /* AddExtensionViewController.m */,
			);
			path = Add;
			sourceTree = "<group>";
		};
		A5F145ED1ABC7E4C00133B8D /* View */ = {
			isa = PBXGroup;
			children = (
				A5F145EE1ABC7E4C00133B8D /* ExtensionTableViewController.h */,
				A5F145EF1ABC7E4C00133B8D /* ExtensionTableViewController.m */,
				ADBED37F1AC98FED00C409D2 /* ExtensionTableViewCell.h */,
				ADBED3801AC98FED00C409D2 /* ExtensionTableViewCell.m */,
			);
			path = View;
			sourceTree = "<group>";
		};
		A5F145F01ABC7E4C00133B8D /* Game */ = {
			isa = PBXGroup;
			children = (
				A5F145F41ABC7E4C00133B8D /* View */,
				A5F145F11ABC7E4C00133B8D /* Add */,
			);
			path = Game;
			sourceTree = "<group>";
		};
		A5F145F11ABC7E4C00133B8D /* Add */ = {
			isa = PBXGroup;
			children = (
				A5F145F21ABC7E4C00133B8D /* AddGameViewController.h */,
				A5F145F31ABC7E4C00133B8D /* AddGameViewController.m */,
			);
			path = Add;
			sourceTree = "<group>";
		};
		A5F145F41ABC7E4C00133B8D /* View */ = {
			isa = PBXGroup;
			children = (
				A5F145F71ABC7E4C00133B8D /* GameTableViewController.h */,
				A5F145F81ABC7E4C00133B8D /* GameTableViewController.m */,
				A5F145F51ABC7E4C00133B8D /* GameTableViewCell.h */,
				A5F145F61ABC7E4C00133B8D /* GameTableViewCell.m */,
			);
			path = View;
			sourceTree = "<group>";
		};
		A5F145F91ABC7E4C00133B8D /* GamePlayed */ = {
			isa = PBXGroup;
			children = (
				A5F145FD1ABC7E4C00133B8D /* View */,
				A5F145FA1ABC7E4C00133B8D /* Add */,
			);
			path = GamePlayed;
			sourceTree = "<group>";
		};
		A5F145FA1ABC7E4C00133B8D /* Add */ = {
			isa = PBXGroup;
			children = (
				A5F145FB1ABC7E4C00133B8D /* AddGamePlayedViewController.h */,
				A5F145FC1ABC7E4C00133B8D /* AddGamePlayedViewController.m */,
			);
			path = Add;
			sourceTree = "<group>";
		};
		A5F145FD1ABC7E4C00133B8D /* View */ = {
			isa = PBXGroup;
			children = (
				A5F145FE1ABC7E4C00133B8D /* GamePlayedTableViewController.h */,
				A5F145FF1ABC7E4C00133B8D /* GamePlayedTableViewController.m */,
				ADBED3831AC99CDC00C409D2 /* GamePlayedTableViewCell.h */,
				ADBED3841AC99CDC00C409D2 /* GamePlayedTableViewCell.m */,
			);
			path = View;
			sourceTree = "<group>";
		};
		A5F146001ABC7E4C00133B8D /* Language */ = {
			isa = PBXGroup;
			children = (
				A5F146041ABC7E4C00133B8D /* View */,
				A5F146011ABC7E4C00133B8D /* Add */,
			);
			path = Language;
			sourceTree = "<group>";
		};
		A5F146011ABC7E4C00133B8D /* Add */ = {
			isa = PBXGroup;
			children = (
				A5F146021ABC7E4C00133B8D /* AddLanguageViewController.h */,
				A5F146031ABC7E4C00133B8D /* AddLanguageViewController.m */,
			);
			path = Add;
			sourceTree = "<group>";
		};
		A5F146041ABC7E4C00133B8D /* View */ = {
			isa = PBXGroup;
			children = (
				A5F146051ABC7E4C00133B8D /* LanguageTableViewController.h */,
				A5F146061ABC7E4C00133B8D /* LanguageTableViewController.m */,
				AD72DB331ABF052D00449A49 /* LanguageTableViewCell.h */,
				AD72DB341ABF052D00449A49 /* LanguageTableViewCell.m */,
			);
			path = View;
			sourceTree = "<group>";
		};
		A5F146071ABC7E4C00133B8D /* Theme */ = {
			isa = PBXGroup;
			children = (
				A5F1460B1ABC7E4C00133B8D /* View */,
				A5F146081ABC7E4C00133B8D /* Add */,
			);
			path = Theme;
			sourceTree = "<group>";
		};
		A5F146081ABC7E4C00133B8D /* Add */ = {
			isa = PBXGroup;
			children = (
				A5F146091ABC7E4C00133B8D /* AddThemeViewController.h */,
				A5F1460A1ABC7E4C00133B8D /* AddThemeViewController.m */,
			);
			path = Add;
			sourceTree = "<group>";
		};
		A5F1460B1ABC7E4C00133B8D /* View */ = {
			isa = PBXGroup;
			children = (
				A5F1460C1ABC7E4C00133B8D /* ThemeTableViewController.h */,
				A5F1460D1ABC7E4C00133B8D /* ThemeTableViewController.m */,
				AD72DB371ABF07D500449A49 /* ThemeTableViewCell.h */,
				AD72DB381ABF07D500449A49 /* ThemeTableViewCell.m */,
			);
			path = View;
			sourceTree = "<group>";
		};
		A5F1460E1ABC7E4C00133B8D /* Type */ = {
			isa = PBXGroup;
			children = (
				A5F146121ABC7E4C00133B8D /* View */,
				A5F1460F1ABC7E4C00133B8D /* Add */,
			);
			path = Type;
			sourceTree = "<group>";
		};
		A5F1460F1ABC7E4C00133B8D /* Add */ = {
			isa = PBXGroup;
			children = (
				A5F146101ABC7E4C00133B8D /* AddTypeViewController.h */,
				A5F146111ABC7E4C00133B8D /* AddTypeViewController.m */,
			);
			path = Add;
			sourceTree = "<group>";
		};
		A5F146121ABC7E4C00133B8D /* View */ = {
			isa = PBXGroup;
			children = (
				A5F146131ABC7E4C00133B8D /* TypeTableViewController.h */,
				A5F146141ABC7E4C00133B8D /* TypeTableViewController.m */,
				ADCA097B1ABC819100C46720 /* TypeTableViewCell.h */,
				ADCA097C1ABC819100C46720 /* TypeTableViewCell.m */,
			);
			path = View;
			sourceTree = "<group>";
		};
		A5F146151ABC7E4C00133B8D /* Variant */ = {
			isa = PBXGroup;
			children = (
				A5F146191ABC7E4C00133B8D /* View */,
				A5F146161ABC7E4C00133B8D /* Add */,
			);
			path = Variant;
			sourceTree = "<group>";
		};
		A5F146161ABC7E4C00133B8D /* Add */ = {
			isa = PBXGroup;
			children = (
				A5F146171ABC7E4C00133B8D /* AddVariantViewController.h */,
				A5F146181ABC7E4C00133B8D /* AddVariantViewController.m */,
			);
			path = Add;
			sourceTree = "<group>";
		};
		A5F146191ABC7E4C00133B8D /* View */ = {
			isa = PBXGroup;
			children = (
				A5F1461A1ABC7E4C00133B8D /* VariantTableViewController.h */,
				A5F1461B1ABC7E4C00133B8D /* VariantTableViewController.m */,
				ADA59F9E1AC2AA7200F050D1 /* VariantTableViewCell.h */,
				ADA59F9F1AC2AA7200F050D1 /* VariantTableViewCell.m */,
			);
			path = View;
			sourceTree = "<group>";
		};
/* End PBXGroup section */

/* Begin PBXNativeTarget section */
		A519BE3F1ABC78230014E71C /* LudoTech */ = {
			isa = PBXNativeTarget;
			buildConfigurationList = A519BE661ABC78230014E71C /* Build configuration list for PBXNativeTarget "LudoTech" */;
			buildPhases = (
				A519BE3C1ABC78230014E71C /* Sources */,
				A519BE3D1ABC78230014E71C /* Frameworks */,
				A519BE3E1ABC78230014E71C /* Resources */,
			);
			buildRules = (
			);
			dependencies = (
			);
			name = LudoTech;
			productName = LudoTech;
			productReference = A519BE401ABC78230014E71C /* LudoTech.app */;
			productType = "com.apple.product-type.application";
		};
		A519BE5B1ABC78230014E71C /* LudoTechTests */ = {
			isa = PBXNativeTarget;
			buildConfigurationList = A519BE691ABC78230014E71C /* Build configuration list for PBXNativeTarget "LudoTechTests" */;
			buildPhases = (
				A519BE581ABC78230014E71C /* Sources */,
				A519BE591ABC78230014E71C /* Frameworks */,
				A519BE5A1ABC78230014E71C /* Resources */,
			);
			buildRules = (
			);
			dependencies = (
				A519BE5E1ABC78230014E71C /* PBXTargetDependency */,
			);
			name = LudoTechTests;
			productName = LudoTechTests;
			productReference = A519BE5C1ABC78230014E71C /* LudoTechTests.xctest */;
			productType = "com.apple.product-type.bundle.unit-test";
		};
/* End PBXNativeTarget section */

/* Begin PBXProject section */
		A519BE381ABC78230014E71C /* Project object */ = {
			isa = PBXProject;
			attributes = {
				LastUpgradeCheck = 0620;
				ORGANIZATIONNAME = "Valentin Bercot & Remy Tartiere";
				TargetAttributes = {
					A519BE3F1ABC78230014E71C = {
						CreatedOnToolsVersion = 6.2;
					};
					A519BE5B1ABC78230014E71C = {
						CreatedOnToolsVersion = 6.2;
						TestTargetID = A519BE3F1ABC78230014E71C;
					};
				};
			};
			buildConfigurationList = A519BE3B1ABC78230014E71C /* Build configuration list for PBXProject "LudoTech" */;
			compatibilityVersion = "Xcode 3.2";
			developmentRegion = English;
			hasScannedForEncodings = 0;
			knownRegions = (
				en,
				Base,
			);
			mainGroup = A519BE371ABC78230014E71C;
			productRefGroup = A519BE411ABC78230014E71C /* Products */;
			projectDirPath = "";
			projectRoot = "";
			targets = (
				A519BE3F1ABC78230014E71C /* LudoTech */,
				A519BE5B1ABC78230014E71C /* LudoTechTests */,
			);
		};
/* End PBXProject section */

/* Begin PBXResourcesBuildPhase section */
		A519BE3E1ABC78230014E71C /* Resources */ = {
			isa = PBXResourcesBuildPhase;
			buildActionMask = 2147483647;
			files = (
				A519BE751ABC79D00014E71C /* Images.xcassets in Resources */,
				A519BE721ABC79C50014E71C /* LaunchScreen.xib in Resources */,
				A519BE731ABC79C50014E71C /* Main.storyboard in Resources */,
			);
			runOnlyForDeploymentPostprocessing = 0;
		};
		A519BE5A1ABC78230014E71C /* Resources */ = {
			isa = PBXResourcesBuildPhase;
			buildActionMask = 2147483647;
			files = (
			);
			runOnlyForDeploymentPostprocessing = 0;
		};
/* End PBXResourcesBuildPhase section */

/* Begin PBXSourcesBuildPhase section */
		A519BE3C1ABC78230014E71C /* Sources */ = {
			isa = PBXSourcesBuildPhase;
			buildActionMask = 2147483647;
			files = (
				A519BECD1ABC7C280014E71C /* Theme+DataModel.m in Sources */,
				A519BEC71ABC7C280014E71C /* GamePlayed+DataModel.m in Sources */,
				A5F1462E1ABC7E4C00133B8D /* GameTableViewCell.m in Sources */,
				A519BEBF1ABC7C280014E71C /* Edition+DataModel.m in Sources */,
				A59F90A11AC0516F00AA96E8 /* AuthorTableViewCell.m in Sources */,
				A59F90A91AC0528E00AA96E8 /* AddIllustratorViewController.m in Sources */,
				A5F146241ABC7E4C00133B8D /* AddEditorViewController.m in Sources */,
				AD72DB311ABF03BF00449A49 /* EditorTableViewCell.m in Sources */,
				ADA59FA01AC2AA7200F050D1 /* VariantTableViewCell.m in Sources */,
				AD72DB2D1ABEFF7E00449A49 /* DifficultyTableViewCell.m in Sources */,
				A597AFB61ACA26EA007F0AFA /* Editor.m in Sources */,
				A5F146341ABC7E4C00133B8D /* GamePlayedTableViewController.m in Sources */,
				A5F146321ABC7E4C00133B8D /* AddGamePlayedViewController.m in Sources */,
				A5F1461E1ABC7E4C00133B8D /* DifficultyTableViewController.m in Sources */,
				A597AFBE1ACA26EA007F0AFA /* Language.m in Sources */,
				A519BECF1ABC7C280014E71C /* Type+DataModel.m in Sources */,
				A5F1463E1ABC7E4C00133B8D /* AddTypeViewController.m in Sources */,
				A597AFA61ACA26E9007F0AFA /* GamePlayed.m in Sources */,
				A5F146441ABC7E4C00133B8D /* VariantTableViewController.m in Sources */,
				A59F909D1AC050E700AA96E8 /* AuthorTableViewController.m in Sources */,
				A519BED11ABC7C280014E71C /* Variant+DataModel.m in Sources */,
				A59F90A51AC0518A00AA96E8 /* AddAuthorViewController.m in Sources */,
				A597AFCE1ACA26EB007F0AFA /* Variant.m in Sources */,
				A519BEC31ABC7C280014E71C /* Extension+DataModel.m in Sources */,
				A597AFC21ACA26EA007F0AFA /* Person.m in Sources */,
				A519BEC51ABC7C280014E71C /* Game+DataModel.m in Sources */,
				A597AFCA1ACA26EA007F0AFA /* Type.m in Sources */,
				A5F146401ABC7E4C00133B8D /* TypeTableViewController.m in Sources */,
				A5F146301ABC7E4C00133B8D /* GameTableViewController.m in Sources */,
				ADBED3851AC99CDC00C409D2 /* GamePlayedTableViewCell.m in Sources */,
				A519BEBD1ABC7C280014E71C /* Difficulty+DataModel.m in Sources */,
				A519BE491ABC78230014E71C /* AppDelegate.m in Sources */,
				A597AFC61ACA26EA007F0AFA /* Theme.m in Sources */,
				A519BEC91ABC7C280014E71C /* Language+DataModel.m in Sources */,
				A5F146281ABC7E4C00133B8D /* AddExtensionViewController.m in Sources */,
				A519BECB1ABC7C280014E71C /* Person+DataModel.m in Sources */,
				A597AFBA1ACA26EA007F0AFA /* Extension.m in Sources */,
				A5F1461C1ABC7E4C00133B8D /* AddDifficultyViewController.m in Sources */,
				A597AFAA1ACA26EA007F0AFA /* Edition.m in Sources */,
				A59F90B11AC0535600AA96E8 /* IllustratorTableViewCell.m in Sources */,
				ADBED37D1AC95BFA00C409D2 /* EditionTableViewCell.m in Sources */,
				AD72DB351ABF052D00449A49 /* LanguageTableViewCell.m in Sources */,
				A597AFAE1ACA26EA007F0AFA /* Game.m in Sources */,
				AD72DB391ABF07D500449A49 /* ThemeTableViewCell.m in Sources */,
				A5F1463A1ABC7E4C00133B8D /* AddThemeViewController.m in Sources */,
				ADCA097D1ABC819100C46720 /* TypeTableViewCell.m in Sources */,
				A5F1462C1ABC7E4C00133B8D /* AddGameViewController.m in Sources */,
				A519BE781ABC79D90014E71C /* LudoTech.xcdatamodeld in Sources */,
				A519BEC11ABC7C280014E71C /* Editor+DataModel.m in Sources */,
				A597AFA21ACA0EE1007F0AFA /* EditionStaticTableViewController.m in Sources */,
				A519BE461ABC78230014E71C /* main.m in Sources */,
				A597AFB21ACA26EA007F0AFA /* Difficulty.m in Sources */,
				A5F1462A1ABC7E4C00133B8D /* ExtensionTableViewController.m in Sources */,
				A5F146221ABC7E4C00133B8D /* EditionTableViewController.m in Sources */,
				A597AF9E1ACA0ED4007F0AFA /* VariantStaticTableViewController.m in Sources */,
				A5F146261ABC7E4C00133B8D /* EditorTableViewController.m in Sources */,
				A5F146381ABC7E4C00133B8D /* LanguageTableViewController.m in Sources */,
				A5F146201ABC7E4C00133B8D /* AddEditionViewController.m in Sources */,
				ADBED3811AC98FED00C409D2 /* ExtensionTableViewCell.m in Sources */,
				A5F146361ABC7E4C00133B8D /* AddLanguageViewController.m in Sources */,
				A5F146421ABC7E4C00133B8D /* AddVariantViewController.m in Sources */,
				A59F90AD1AC0530500AA96E8 /* IllustratorTableViewController.m in Sources */,
				A5F1463C1ABC7E4C00133B8D /* ThemeTableViewController.m in Sources */,
			);
			runOnlyForDeploymentPostprocessing = 0;
		};
		A519BE581ABC78230014E71C /* Sources */ = {
			isa = PBXSourcesBuildPhase;
			buildActionMask = 2147483647;
			files = (
				A597AFCB1ACA26EA007F0AFA /* Type.m in Sources */,
				A59F90B21AC0535600AA96E8 /* IllustratorTableViewCell.m in Sources */,
				AD72DB2E1ABEFF7E00449A49 /* DifficultyTableViewCell.m in Sources */,
				A519BEC41ABC7C280014E71C /* Extension+DataModel.m in Sources */,
				A597AFAF1ACA26EA007F0AFA /* Game.m in Sources */,
				A519BE631ABC78230014E71C /* LudoTechTests.m in Sources */,
				A5F146231ABC7E4C00133B8D /* EditionTableViewController.m in Sources */,
				A5F146371ABC7E4C00133B8D /* AddLanguageViewController.m in Sources */,
				A5F1463F1ABC7E4C00133B8D /* AddTypeViewController.m in Sources */,
				A519BECC1ABC7C280014E71C /* Person+DataModel.m in Sources */,
				A5F146211ABC7E4C00133B8D /* AddEditionViewController.m in Sources */,
				A597AFAB1ACA26EA007F0AFA /* Edition.m in Sources */,
				A597AFB71ACA26EA007F0AFA /* Editor.m in Sources */,
				A5F1462D1ABC7E4C00133B8D /* AddGameViewController.m in Sources */,
				ADBED3861AC99CDC00C409D2 /* GamePlayedTableViewCell.m in Sources */,
				A5F146311ABC7E4C00133B8D /* GameTableViewController.m in Sources */,
				A59F90AA1AC0528E00AA96E8 /* AddIllustratorViewController.m in Sources */,
				A597AFA71ACA26E9007F0AFA /* GamePlayed.m in Sources */,
				A519BED01ABC7C280014E71C /* Type+DataModel.m in Sources */,
				A597AFC71ACA26EA007F0AFA /* Theme.m in Sources */,
				A5F146451ABC7E4C00133B8D /* VariantTableViewController.m in Sources */,
				AD72DB361ABF052D00449A49 /* LanguageTableViewCell.m in Sources */,
				A5F1461F1ABC7E4C00133B8D /* DifficultyTableViewController.m in Sources */,
				AD72DB3A1ABF07D500449A49 /* ThemeTableViewCell.m in Sources */,
				A5F1463D1ABC7E4C00133B8D /* ThemeTableViewController.m in Sources */,
				A59F90A21AC0516F00AA96E8 /* AuthorTableViewCell.m in Sources */,
				A519BEC81ABC7C280014E71C /* GamePlayed+DataModel.m in Sources */,
				A5F146331ABC7E4C00133B8D /* AddGamePlayedViewController.m in Sources */,
				A5F1463B1ABC7E4C00133B8D /* AddThemeViewController.m in Sources */,
				A597AF9F1ACA0ED4007F0AFA /* VariantStaticTableViewController.m in Sources */,
				A59F90A61AC0518A00AA96E8 /* AddAuthorViewController.m in Sources */,
				A5F146271ABC7E4C00133B8D /* EditorTableViewController.m in Sources */,
				A5F146351ABC7E4C00133B8D /* GamePlayedTableViewController.m in Sources */,
				A519BECE1ABC7C280014E71C /* Theme+DataModel.m in Sources */,
				AD72DB321ABF03BF00449A49 /* EditorTableViewCell.m in Sources */,
				A5F1462B1ABC7E4C00133B8D /* ExtensionTableViewController.m in Sources */,
				A597AFBF1ACA26EA007F0AFA /* Language.m in Sources */,
				A597AFBB1ACA26EA007F0AFA /* Extension.m in Sources */,
				ADBED37E1AC95BFA00C409D2 /* EditionTableViewCell.m in Sources */,
				A5F146411ABC7E4C00133B8D /* TypeTableViewController.m in Sources */,
				A519BEC21ABC7C280014E71C /* Editor+DataModel.m in Sources */,
				A5F146391ABC7E4C00133B8D /* LanguageTableViewController.m in Sources */,
				ADCA097E1ABC819100C46720 /* TypeTableViewCell.m in Sources */,
				A5F1462F1ABC7E4C00133B8D /* GameTableViewCell.m in Sources */,
				A5F146251ABC7E4C00133B8D /* AddEditorViewController.m in Sources */,
				A519BEC61ABC7C280014E71C /* Game+DataModel.m in Sources */,
				A5F146431ABC7E4C00133B8D /* AddVariantViewController.m in Sources */,
				A59F90AE1AC0530500AA96E8 /* IllustratorTableViewController.m in Sources */,
				A597AFC31ACA26EA007F0AFA /* Person.m in Sources */,
				A5F146291ABC7E4C00133B8D /* AddExtensionViewController.m in Sources */,
				A519BECA1ABC7C280014E71C /* Language+DataModel.m in Sources */,
				A59F909E1AC050E700AA96E8 /* AuthorTableViewController.m in Sources */,
				A5F1461D1ABC7E4C00133B8D /* AddDifficultyViewController.m in Sources */,
				A597AFB31ACA26EA007F0AFA /* Difficulty.m in Sources */,
				A597AFCF1ACA26EB007F0AFA /* Variant.m in Sources */,
				ADBED3821AC98FED00C409D2 /* ExtensionTableViewCell.m in Sources */,
				A597AFA31ACA0EE1007F0AFA /* EditionStaticTableViewController.m in Sources */,
				A519BEBE1ABC7C280014E71C /* Difficulty+DataModel.m in Sources */,
				A519BEC01ABC7C280014E71C /* Edition+DataModel.m in Sources */,
				A519BED21ABC7C280014E71C /* Variant+DataModel.m in Sources */,
			);
			runOnlyForDeploymentPostprocessing = 0;
		};
/* End PBXSourcesBuildPhase section */

/* Begin PBXTargetDependency section */
		A519BE5E1ABC78230014E71C /* PBXTargetDependency */ = {
			isa = PBXTargetDependency;
			target = A519BE3F1ABC78230014E71C /* LudoTech */;
			targetProxy = A519BE5D1ABC78230014E71C /* PBXContainerItemProxy */;
		};
/* End PBXTargetDependency section */

/* Begin PBXVariantGroup section */
		A519BE6E1ABC79C50014E71C /* LaunchScreen.xib */ = {
			isa = PBXVariantGroup;
			children = (
				A519BE6F1ABC79C50014E71C /* Base */,
			);
			name = LaunchScreen.xib;
			sourceTree = "<group>";
		};
		A519BE701ABC79C50014E71C /* Main.storyboard */ = {
			isa = PBXVariantGroup;
			children = (
				A519BE711ABC79C50014E71C /* Base */,
			);
			name = Main.storyboard;
			sourceTree = "<group>";
		};
/* End PBXVariantGroup section */

/* Begin XCBuildConfiguration section */
		A519BE641ABC78230014E71C /* Debug */ = {
			isa = XCBuildConfiguration;
			buildSettings = {
				ALWAYS_SEARCH_USER_PATHS = NO;
				CLANG_CXX_LANGUAGE_STANDARD = "gnu++0x";
				CLANG_CXX_LIBRARY = "libc++";
				CLANG_ENABLE_MODULES = YES;
				CLANG_ENABLE_OBJC_ARC = YES;
				CLANG_WARN_BOOL_CONVERSION = YES;
				CLANG_WARN_CONSTANT_CONVERSION = YES;
				CLANG_WARN_DIRECT_OBJC_ISA_USAGE = YES_ERROR;
				CLANG_WARN_EMPTY_BODY = YES;
				CLANG_WARN_ENUM_CONVERSION = YES;
				CLANG_WARN_INT_CONVERSION = YES;
				CLANG_WARN_OBJC_ROOT_CLASS = YES_ERROR;
				CLANG_WARN_UNREACHABLE_CODE = YES;
				CLANG_WARN__DUPLICATE_METHOD_MATCH = YES;
				"CODE_SIGN_IDENTITY[sdk=iphoneos*]" = "iPhone Developer";
				COPY_PHASE_STRIP = NO;
				ENABLE_STRICT_OBJC_MSGSEND = YES;
				GCC_C_LANGUAGE_STANDARD = gnu99;
				GCC_DYNAMIC_NO_PIC = NO;
				GCC_OPTIMIZATION_LEVEL = 0;
				GCC_PREPROCESSOR_DEFINITIONS = (
					"DEBUG=1",
					"$(inherited)",
				);
				GCC_SYMBOLS_PRIVATE_EXTERN = NO;
				GCC_WARN_64_TO_32_BIT_CONVERSION = YES;
				GCC_WARN_ABOUT_RETURN_TYPE = YES_ERROR;
				GCC_WARN_UNDECLARED_SELECTOR = YES;
				GCC_WARN_UNINITIALIZED_AUTOS = YES_AGGRESSIVE;
				GCC_WARN_UNUSED_FUNCTION = YES;
				GCC_WARN_UNUSED_VARIABLE = YES;
				IPHONEOS_DEPLOYMENT_TARGET = 8.2;
				MTL_ENABLE_DEBUG_INFO = YES;
				ONLY_ACTIVE_ARCH = YES;
				SDKROOT = iphoneos;
				TARGETED_DEVICE_FAMILY = "1,2";
			};
			name = Debug;
		};
		A519BE651ABC78230014E71C /* Release */ = {
			isa = XCBuildConfiguration;
			buildSettings = {
				ALWAYS_SEARCH_USER_PATHS = NO;
				CLANG_CXX_LANGUAGE_STANDARD = "gnu++0x";
				CLANG_CXX_LIBRARY = "libc++";
				CLANG_ENABLE_MODULES = YES;
				CLANG_ENABLE_OBJC_ARC = YES;
				CLANG_WARN_BOOL_CONVERSION = YES;
				CLANG_WARN_CONSTANT_CONVERSION = YES;
				CLANG_WARN_DIRECT_OBJC_ISA_USAGE = YES_ERROR;
				CLANG_WARN_EMPTY_BODY = YES;
				CLANG_WARN_ENUM_CONVERSION = YES;
				CLANG_WARN_INT_CONVERSION = YES;
				CLANG_WARN_OBJC_ROOT_CLASS = YES_ERROR;
				CLANG_WARN_UNREACHABLE_CODE = YES;
				CLANG_WARN__DUPLICATE_METHOD_MATCH = YES;
				"CODE_SIGN_IDENTITY[sdk=iphoneos*]" = "iPhone Developer";
				COPY_PHASE_STRIP = NO;
				ENABLE_NS_ASSERTIONS = NO;
				ENABLE_STRICT_OBJC_MSGSEND = YES;
				GCC_C_LANGUAGE_STANDARD = gnu99;
				GCC_WARN_64_TO_32_BIT_CONVERSION = YES;
				GCC_WARN_ABOUT_RETURN_TYPE = YES_ERROR;
				GCC_WARN_UNDECLARED_SELECTOR = YES;
				GCC_WARN_UNINITIALIZED_AUTOS = YES_AGGRESSIVE;
				GCC_WARN_UNUSED_FUNCTION = YES;
				GCC_WARN_UNUSED_VARIABLE = YES;
				IPHONEOS_DEPLOYMENT_TARGET = 8.2;
				MTL_ENABLE_DEBUG_INFO = NO;
				SDKROOT = iphoneos;
				TARGETED_DEVICE_FAMILY = "1,2";
				VALIDATE_PRODUCT = YES;
			};
			name = Release;
		};
		A519BE671ABC78230014E71C /* Debug */ = {
			isa = XCBuildConfiguration;
			buildSettings = {
				ASSETCATALOG_COMPILER_APPICON_NAME = AppIcon;
				INFOPLIST_FILE = LudoTech/Info.plist;
				LD_RUNPATH_SEARCH_PATHS = "$(inherited) @executable_path/Frameworks";
				PRODUCT_NAME = "$(TARGET_NAME)";
			};
			name = Debug;
		};
		A519BE681ABC78230014E71C /* Release */ = {
			isa = XCBuildConfiguration;
			buildSettings = {
				ASSETCATALOG_COMPILER_APPICON_NAME = AppIcon;
				INFOPLIST_FILE = LudoTech/Info.plist;
				LD_RUNPATH_SEARCH_PATHS = "$(inherited) @executable_path/Frameworks";
				PRODUCT_NAME = "$(TARGET_NAME)";
			};
			name = Release;
		};
		A519BE6A1ABC78230014E71C /* Debug */ = {
			isa = XCBuildConfiguration;
			buildSettings = {
				BUNDLE_LOADER = "$(TEST_HOST)";
				FRAMEWORK_SEARCH_PATHS = (
					"$(SDKROOT)/Developer/Library/Frameworks",
					"$(inherited)",
				);
				GCC_PREPROCESSOR_DEFINITIONS = (
					"DEBUG=1",
					"$(inherited)",
				);
				INFOPLIST_FILE = LudoTechTests/Info.plist;
				LD_RUNPATH_SEARCH_PATHS = "$(inherited) @executable_path/Frameworks @loader_path/Frameworks";
				PRODUCT_NAME = "$(TARGET_NAME)";
				TEST_HOST = "$(BUILT_PRODUCTS_DIR)/LudoTech.app/LudoTech";
			};
			name = Debug;
		};
		A519BE6B1ABC78230014E71C /* Release */ = {
			isa = XCBuildConfiguration;
			buildSettings = {
				BUNDLE_LOADER = "$(TEST_HOST)";
				FRAMEWORK_SEARCH_PATHS = (
					"$(SDKROOT)/Developer/Library/Frameworks",
					"$(inherited)",
				);
				INFOPLIST_FILE = LudoTechTests/Info.plist;
				LD_RUNPATH_SEARCH_PATHS = "$(inherited) @executable_path/Frameworks @loader_path/Frameworks";
				PRODUCT_NAME = "$(TARGET_NAME)";
				TEST_HOST = "$(BUILT_PRODUCTS_DIR)/LudoTech.app/LudoTech";
			};
			name = Release;
		};
/* End XCBuildConfiguration section */

/* Begin XCConfigurationList section */
		A519BE3B1ABC78230014E71C /* Build configuration list for PBXProject "LudoTech" */ = {
			isa = XCConfigurationList;
			buildConfigurations = (
				A519BE641ABC78230014E71C /* Debug */,
				A519BE651ABC78230014E71C /* Release */,
			);
			defaultConfigurationIsVisible = 0;
			defaultConfigurationName = Release;
		};
		A519BE661ABC78230014E71C /* Build configuration list for PBXNativeTarget "LudoTech" */ = {
			isa = XCConfigurationList;
			buildConfigurations = (
				A519BE671ABC78230014E71C /* Debug */,
				A519BE681ABC78230014E71C /* Release */,
			);
			defaultConfigurationIsVisible = 0;
			defaultConfigurationName = Release;
		};
		A519BE691ABC78230014E71C /* Build configuration list for PBXNativeTarget "LudoTechTests" */ = {
			isa = XCConfigurationList;
			buildConfigurations = (
				A519BE6A1ABC78230014E71C /* Debug */,
				A519BE6B1ABC78230014E71C /* Release */,
			);
			defaultConfigurationIsVisible = 0;
			defaultConfigurationName = Release;
		};
/* End XCConfigurationList section */

/* Begin XCVersionGroup section */
		A519BE761ABC79D90014E71C /* LudoTech.xcdatamodeld */ = {
			isa = XCVersionGroup;
			children = (
				A519BE771ABC79D90014E71C /* Model.xcdatamodel */,
			);
			currentVersion = A519BE771ABC79D90014E71C /* Model.xcdatamodel */;
			path = LudoTech.xcdatamodeld;
			sourceTree = "<group>";
			versionGroupType = wrapper.xcdatamodel;
		};
/* End XCVersionGroup section */
	};
	rootObject = A519BE381ABC78230014E71C /* Project object */;
}
